// !$*UTF8*$!
{
	archiveVersion = 1;
	classes = {
	};
	objectVersion = 50;
	objects = {

/* Begin PBXBuildFile section */
		1C0E0AB222E1B2F10099533B /* StoreIPMOperation.swift in Sources */ = {isa = PBXBuildFile; fileRef = 1C0E0AB122E1B2F10099533B /* StoreIPMOperation.swift */; };
		1C0E0AB422E213960099533B /* ConnectUserNotificationCenterWrapper.swift in Sources */ = {isa = PBXBuildFile; fileRef = 1C0E0AB322E213960099533B /* ConnectUserNotificationCenterWrapper.swift */; };
		1C0E0AB822E214A90099533B /* MockUserNotificationCenterWrapper.swift in Sources */ = {isa = PBXBuildFile; fileRef = 1C0E0AB722E214A90099533B /* MockUserNotificationCenterWrapper.swift */; };
		1C0E0ABA22E5B2310099533B /* StoreIPMOperationTests.swift in Sources */ = {isa = PBXBuildFile; fileRef = 1C0E0AB922E5B2310099533B /* StoreIPMOperationTests.swift */; };
		1C0E0ABC22E5B5CB0099533B /* MockCoordinator.swift in Sources */ = {isa = PBXBuildFile; fileRef = 1C0E0ABB22E5B5CB0099533B /* MockCoordinator.swift */; };
		1C1E4C68228423A60096A801 /* ConnectNotification.swift in Sources */ = {isa = PBXBuildFile; fileRef = 1C1E4C67228423A60096A801 /* ConnectNotification.swift */; };
		1C1E4C6E228486090096A801 /* SilentPushStrategy.swift in Sources */ = {isa = PBXBuildFile; fileRef = 1C1E4C6D228486090096A801 /* SilentPushStrategy.swift */; };
		1C1E4C702284863E0096A801 /* UninstallSilentPushStrategy.swift in Sources */ = {isa = PBXBuildFile; fileRef = 1C1E4C6F2284863E0096A801 /* UninstallSilentPushStrategy.swift */; };
		1C1E4C75228580EC0096A801 /* ConnectPushRegistrationTests.swift in Sources */ = {isa = PBXBuildFile; fileRef = 1C1E4C73228580EC0096A801 /* ConnectPushRegistrationTests.swift */; };
		1C1E4C77228581480096A801 /* ConnectNotificationTests.swift in Sources */ = {isa = PBXBuildFile; fileRef = 1C1E4C76228581480096A801 /* ConnectNotificationTests.swift */; };
		1C1E4C79228582620096A801 /* UninstallSilentPushStrategyTests.swift in Sources */ = {isa = PBXBuildFile; fileRef = 1C1E4C78228582620096A801 /* UninstallSilentPushStrategyTests.swift */; };
		1C1E4C7B2285A8750096A801 /* PushStrategy.swift in Sources */ = {isa = PBXBuildFile; fileRef = 1C1E4C7A2285A8750096A801 /* PushStrategy.swift */; };
		1C1E4C8322899CF70096A801 /* ConnectSilentPushStrategyFactory.swift in Sources */ = {isa = PBXBuildFile; fileRef = 1C1E4C8222899CF60096A801 /* ConnectSilentPushStrategyFactory.swift */; };
		1C1E4C892289A0020096A801 /* SilentPushStrategyFactoryTests.swift in Sources */ = {isa = PBXBuildFile; fileRef = 1C1E4C882289A0020096A801 /* SilentPushStrategyFactoryTests.swift */; };
		1C1E4C8D228ACDFD0096A801 /* NotificationResponseWrapper.swift in Sources */ = {isa = PBXBuildFile; fileRef = 1C1E4C8C228ACDFD0096A801 /* NotificationResponseWrapper.swift */; };
		1C1E4C8F228AD25E0096A801 /* PushStrategyFactoryTests.swift in Sources */ = {isa = PBXBuildFile; fileRef = 1C1E4C8E228AD25E0096A801 /* PushStrategyFactoryTests.swift */; };
		1C1E4C91228AD37D0096A801 /* MockNotificationResponseWrapper.swift in Sources */ = {isa = PBXBuildFile; fileRef = 1C1E4C90228AD37D0096A801 /* MockNotificationResponseWrapper.swift */; };
		1C1E4C93228AF3750096A801 /* BasicPushStrategyTests.swift in Sources */ = {isa = PBXBuildFile; fileRef = 1C1E4C92228AF3750096A801 /* BasicPushStrategyTests.swift */; };
		1C1E4C97228C6EE80096A801 /* DeepLink.swift in Sources */ = {isa = PBXBuildFile; fileRef = 1C1E4C96228C6EE80096A801 /* DeepLink.swift */; };
		1C1E4C99228DA6670096A801 /* DeepLinkTests.swift in Sources */ = {isa = PBXBuildFile; fileRef = 1C1E4C98228DA6670096A801 /* DeepLinkTests.swift */; };
		1C1E4C9B228DA6C20096A801 /* MockConnectAPI.swift in Sources */ = {isa = PBXBuildFile; fileRef = 1C1E4C9A228DA6C20096A801 /* MockConnectAPI.swift */; };
		1C1E4C9D228DA7220096A801 /* MockDeepLinkHandler.swift in Sources */ = {isa = PBXBuildFile; fileRef = 1C1E4C9C228DA7220096A801 /* MockDeepLinkHandler.swift */; };
		1C1E4C9F228DA7D10096A801 /* UIApplicationExtension.swift in Sources */ = {isa = PBXBuildFile; fileRef = 1C1E4C9E228DA7D10096A801 /* UIApplicationExtension.swift */; };
		1C1E4CA1228DAAB50096A801 /* OnMain.swift in Sources */ = {isa = PBXBuildFile; fileRef = 1C1E4CA0228DAAB50096A801 /* OnMain.swift */; };
		1C5B1F6722E0A6AA00DE1C94 /* IPMSharedStorageModule.swift in Sources */ = {isa = PBXBuildFile; fileRef = 1C5B1F6622E0A6AA00DE1C94 /* IPMSharedStorageModule.swift */; };
		1CAD6C5F2267298900E7345A /* ZendeskKeys.plist in Resources */ = {isa = PBXBuildFile; fileRef = 1CAD6C5E2267298900E7345A /* ZendeskKeys.plist */; };
		1CAD6C6122672B9F00E7345A /* KeyViewController.swift in Sources */ = {isa = PBXBuildFile; fileRef = 1CAD6C6022672B9F00E7345A /* KeyViewController.swift */; };
		1CAD6C6322672F5100E7345A /* ZendeskKey.swift in Sources */ = {isa = PBXBuildFile; fileRef = 1CAD6C6222672F5100E7345A /* ZendeskKey.swift */; };
		1CAD6C652267597200E7345A /* ZendeskKeyReader.swift in Sources */ = {isa = PBXBuildFile; fileRef = 1CAD6C642267597200E7345A /* ZendeskKeyReader.swift */; };
		1CAD6C672267609400E7345A /* ZendeskKeyStorage.swift in Sources */ = {isa = PBXBuildFile; fileRef = 1CAD6C662267609400E7345A /* ZendeskKeyStorage.swift */; };
		1CAD6C692269CBFB00E7345A /* IPM.swift in Sources */ = {isa = PBXBuildFile; fileRef = 1CAD6C682269CBFB00E7345A /* IPM.swift */; };
		1CAD6C6B2269F0C300E7345A /* IPMTests.swift in Sources */ = {isa = PBXBuildFile; fileRef = 1CAD6C6A2269F0C300E7345A /* IPMTests.swift */; };
		1CAD6C6D226F632800E7345A /* UIColorExtension.swift in Sources */ = {isa = PBXBuildFile; fileRef = 1CAD6C6C226F632800E7345A /* UIColorExtension.swift */; };
		1CAD6C6F226F65E700E7345A /* UIColorExtensionTests.swift in Sources */ = {isa = PBXBuildFile; fileRef = 1CAD6C6E226F65E700E7345A /* UIColorExtensionTests.swift */; };
		1CAD6C7122706FFA00E7345A /* UIColorHelper.swift in Sources */ = {isa = PBXBuildFile; fileRef = 1CAD6C7022706FFA00E7345A /* UIColorHelper.swift */; };
		1CCAB56E22A90AEE0089AF7D /* ConnectAPIClientTests.swift in Sources */ = {isa = PBXBuildFile; fileRef = 1CCAB56D22A90AEE0089AF7D /* ConnectAPIClientTests.swift */; };
		1CCAB57022A90BC50089AF7D /* MockMetricsProvider.swift in Sources */ = {isa = PBXBuildFile; fileRef = 1CCAB56F22A90BC50089AF7D /* MockMetricsProvider.swift */; };
		1CE27B1622E8504900D5098A /* ConnectAssets.xcassets in Resources */ = {isa = PBXBuildFile; fileRef = 1CE27B1522E8504900D5098A /* ConnectAssets.xcassets */; };
		1CE27B1822E86CF800D5098A /* DictionaryDecoder.swift in Sources */ = {isa = PBXBuildFile; fileRef = 1CE27B1722E86CF800D5098A /* DictionaryDecoder.swift */; };
		1CEEEBE22297F151004CCB65 /* IPMViewController.swift in Sources */ = {isa = PBXBuildFile; fileRef = 1CEEEBE02297F151004CCB65 /* IPMViewController.swift */; };
		1CEEEBE32297F151004CCB65 /* IPMViewController.xib in Resources */ = {isa = PBXBuildFile; fileRef = 1CEEEBE12297F151004CCB65 /* IPMViewController.xib */; };
		1CEEEBEA229D25A9004CCB65 /* IPMCoordinator.swift in Sources */ = {isa = PBXBuildFile; fileRef = 1CEEEBE9229D25A8004CCB65 /* IPMCoordinator.swift */; };
		1CEEEBEC229D25FD004CCB65 /* IPMWindow.swift in Sources */ = {isa = PBXBuildFile; fileRef = 1CEEEBEB229D25FD004CCB65 /* IPMWindow.swift */; };
		1CEEEBF6229ED5B4004CCB65 /* CustomTransitionDelegate.swift in Sources */ = {isa = PBXBuildFile; fileRef = 1CEEEBF5229ED5B4004CCB65 /* CustomTransitionDelegate.swift */; };
		1CEEEBF8229ED5E2004CCB65 /* CustomPresentationController.swift in Sources */ = {isa = PBXBuildFile; fileRef = 1CEEEBF7229ED5E2004CCB65 /* CustomPresentationController.swift */; };
		483839512297F7220054365F /* DefaultSilentPushStrategy.swift in Sources */ = {isa = PBXBuildFile; fileRef = 483839502297F7220054365F /* DefaultSilentPushStrategy.swift */; };
		483839532297F8770054365F /* HostAppPushStrategy.swift in Sources */ = {isa = PBXBuildFile; fileRef = 483839522297F8770054365F /* HostAppPushStrategy.swift */; };
		483839552297FC150054365F /* BasicPushStrategy.swift in Sources */ = {isa = PBXBuildFile; fileRef = 483839542297FC150054365F /* BasicPushStrategy.swift */; };
		48383959229C22720054365F /* IPMSilentPushStrategy.swift in Sources */ = {isa = PBXBuildFile; fileRef = 48383958229C22720054365F /* IPMSilentPushStrategy.swift */; };
		4838395D229C24260054365F /* Coordinator.swift in Sources */ = {isa = PBXBuildFile; fileRef = 4838395C229C24260054365F /* Coordinator.swift */; };
		484BE67F21930525002AE77F /* Connect.swift in Sources */ = {isa = PBXBuildFile; fileRef = 484BE67D21930524002AE77F /* Connect.swift */; };
		484BE6D821930687002AE77F /* EventOperation.swift in Sources */ = {isa = PBXBuildFile; fileRef = 484BE6A221930687002AE77F /* EventOperation.swift */; };
		484BE6D921930687002AE77F /* IdentifyResource.swift in Sources */ = {isa = PBXBuildFile; fileRef = 484BE6A421930687002AE77F /* IdentifyResource.swift */; };
		484BE6DA21930687002AE77F /* IdentifyProvider.swift in Sources */ = {isa = PBXBuildFile; fileRef = 484BE6A521930687002AE77F /* IdentifyProvider.swift */; };
		484BE6DB21930687002AE77F /* RequestDecorators.swift in Sources */ = {isa = PBXBuildFile; fileRef = 484BE6A621930687002AE77F /* RequestDecorators.swift */; };
		484BE6DC21930687002AE77F /* EventResource.swift in Sources */ = {isa = PBXBuildFile; fileRef = 484BE6A721930687002AE77F /* EventResource.swift */; };
		484BE6DD21930687002AE77F /* PushResource.swift in Sources */ = {isa = PBXBuildFile; fileRef = 484BE6A821930687002AE77F /* PushResource.swift */; };
		484BE6DE21930687002AE77F /* EventProvider.swift in Sources */ = {isa = PBXBuildFile; fileRef = 484BE6A921930687002AE77F /* EventProvider.swift */; };
		484BE6DF21930687002AE77F /* PushProvider.swift in Sources */ = {isa = PBXBuildFile; fileRef = 484BE6AA21930687002AE77F /* PushProvider.swift */; };
		484BE6E021930687002AE77F /* ConfigProvider.swift in Sources */ = {isa = PBXBuildFile; fileRef = 484BE6AB21930687002AE77F /* ConfigProvider.swift */; };
		484BE6E121930687002AE77F /* ConfigResource.swift in Sources */ = {isa = PBXBuildFile; fileRef = 484BE6AC21930687002AE77F /* ConfigResource.swift */; };
		484BE6E221930687002AE77F /* BaseProvider.swift in Sources */ = {isa = PBXBuildFile; fileRef = 484BE6AD21930687002AE77F /* BaseProvider.swift */; };
		484BE6E421930687002AE77F /* Event.swift in Sources */ = {isa = PBXBuildFile; fileRef = 484BE6B021930687002AE77F /* Event.swift */; };
		484BE6E521930687002AE77F /* PushRegistration.swift in Sources */ = {isa = PBXBuildFile; fileRef = 484BE6B121930687002AE77F /* PushRegistration.swift */; };
		484BE6E621930687002AE77F /* Config.swift in Sources */ = {isa = PBXBuildFile; fileRef = 484BE6B221930687002AE77F /* Config.swift */; };
		484BE6E721930687002AE77F /* User.swift in Sources */ = {isa = PBXBuildFile; fileRef = 484BE6B321930687002AE77F /* User.swift */; };
		484BE6E921930687002AE77F /* PrePrompt.swift in Sources */ = {isa = PBXBuildFile; fileRef = 484BE6B521930687002AE77F /* PrePrompt.swift */; };
		484BE6EA21930687002AE77F /* Accountconfig.swift in Sources */ = {isa = PBXBuildFile; fileRef = 484BE6B621930687002AE77F /* Accountconfig.swift */; };
		484BE6EB21930687002AE77F /* RequestDecorator.swift in Sources */ = {isa = PBXBuildFile; fileRef = 484BE6B821930687002AE77F /* RequestDecorator.swift */; };
		484BE6EC21930687002AE77F /* Result.swift in Sources */ = {isa = PBXBuildFile; fileRef = 484BE6B921930687002AE77F /* Result.swift */; };
		484BE6ED21930687002AE77F /* Resource.swift in Sources */ = {isa = PBXBuildFile; fileRef = 484BE6BA21930687002AE77F /* Resource.swift */; };
		484BE6EE21930687002AE77F /* String+Extension.swift in Sources */ = {isa = PBXBuildFile; fileRef = 484BE6BC21930687002AE77F /* String+Extension.swift */; };
		484BE6EF21930687002AE77F /* NSMutableURLRequest+Extension.swift in Sources */ = {isa = PBXBuildFile; fileRef = 484BE6BD21930687002AE77F /* NSMutableURLRequest+Extension.swift */; };
		484BE6F021930687002AE77F /* HTTPMethod.swift in Sources */ = {isa = PBXBuildFile; fileRef = 484BE6BE21930687002AE77F /* HTTPMethod.swift */; };
		484BE6F121930687002AE77F /* WebService.swift in Sources */ = {isa = PBXBuildFile; fileRef = 484BE6BF21930687002AE77F /* WebService.swift */; };
		484BE6F221930687002AE77F /* Codable+Extension.swift in Sources */ = {isa = PBXBuildFile; fileRef = 484BE6C021930687002AE77F /* Codable+Extension.swift */; };
		484BE6F321930687002AE77F /* Client.swift in Sources */ = {isa = PBXBuildFile; fileRef = 484BE6C221930687002AE77F /* Client.swift */; };
		484BE6F421930687002AE77F /* IdentifyOperation.swift in Sources */ = {isa = PBXBuildFile; fileRef = 484BE6C321930687002AE77F /* IdentifyOperation.swift */; };
		484BE6F521930687002AE77F /* BaseOperation.swift in Sources */ = {isa = PBXBuildFile; fileRef = 484BE6C421930687002AE77F /* BaseOperation.swift */; };
		484BE6F621930687002AE77F /* UserStorage.swift in Sources */ = {isa = PBXBuildFile; fileRef = 484BE6C621930687002AE77F /* UserStorage.swift */; };
		484BE6F721930687002AE77F /* ConfigStorage.swift in Sources */ = {isa = PBXBuildFile; fileRef = 484BE6C721930687002AE77F /* ConfigStorage.swift */; };
		484BE6F821930687002AE77F /* Logger.swift in Sources */ = {isa = PBXBuildFile; fileRef = 484BE6C821930687002AE77F /* Logger.swift */; };
		484BE6F921930687002AE77F /* Reachability.swift in Sources */ = {isa = PBXBuildFile; fileRef = 484BE6C921930687002AE77F /* Reachability.swift */; };
		484BE6FA21930687002AE77F /* FileUtility.swift in Sources */ = {isa = PBXBuildFile; fileRef = 484BE6CA21930687002AE77F /* FileUtility.swift */; };
		484BE6FB21930687002AE77F /* ZCNEvent.swift in Sources */ = {isa = PBXBuildFile; fileRef = 484BE6CC21930687002AE77F /* ZCNEvent.swift */; };
		484BE6FC21930687002AE77F /* ZCNUser.swift in Sources */ = {isa = PBXBuildFile; fileRef = 484BE6CD21930687002AE77F /* ZCNUser.swift */; };
		484BE6FD21930687002AE77F /* ObjectQueue.swift in Sources */ = {isa = PBXBuildFile; fileRef = 484BE6CF21930687002AE77F /* ObjectQueue.swift */; };
		484BE6FE21930687002AE77F /* FileElement.swift in Sources */ = {isa = PBXBuildFile; fileRef = 484BE6D021930687002AE77F /* FileElement.swift */; };
		484BE6FF21930687002AE77F /* QueueFile.swift in Sources */ = {isa = PBXBuildFile; fileRef = 484BE6D121930687002AE77F /* QueueFile.swift */; };
		484BE70021930687002AE77F /* FileObjectQueue.swift in Sources */ = {isa = PBXBuildFile; fileRef = 484BE6D221930687002AE77F /* FileObjectQueue.swift */; };
		484BE70121930687002AE77F /* FileHeader.swift in Sources */ = {isa = PBXBuildFile; fileRef = 484BE6D321930687002AE77F /* FileHeader.swift */; };
		484BE70221930687002AE77F /* InMemoryObjectQueue.swift in Sources */ = {isa = PBXBuildFile; fileRef = 484BE6D421930687002AE77F /* InMemoryObjectQueue.swift */; };
		484BE70321930687002AE77F /* Converter.swift in Sources */ = {isa = PBXBuildFile; fileRef = 484BE6D521930687002AE77F /* Converter.swift */; };
		484BE70421930687002AE77F /* Queue.swift in Sources */ = {isa = PBXBuildFile; fileRef = 484BE6D721930687002AE77F /* Queue.swift */; };
		484BE70821931D54002AE77F /* StorageTests.swift in Sources */ = {isa = PBXBuildFile; fileRef = 484BE70521931D54002AE77F /* StorageTests.swift */; };
		484BE70921931D54002AE77F /* QueueFileTests.swift in Sources */ = {isa = PBXBuildFile; fileRef = 484BE70621931D54002AE77F /* QueueFileTests.swift */; };
		484BE70A21931D54002AE77F /* ObjectQueueTests.swift in Sources */ = {isa = PBXBuildFile; fileRef = 484BE70721931D54002AE77F /* ObjectQueueTests.swift */; };
		484BE712219320FF002AE77F /* AppDelegate.swift in Sources */ = {isa = PBXBuildFile; fileRef = 484BE711219320FF002AE77F /* AppDelegate.swift */; };
		484BE714219320FF002AE77F /* ViewController.swift in Sources */ = {isa = PBXBuildFile; fileRef = 484BE713219320FF002AE77F /* ViewController.swift */; };
		484BE717219320FF002AE77F /* Main.storyboard in Resources */ = {isa = PBXBuildFile; fileRef = 484BE715219320FF002AE77F /* Main.storyboard */; };
		484BE71921932100002AE77F /* Assets.xcassets in Resources */ = {isa = PBXBuildFile; fileRef = 484BE71821932100002AE77F /* Assets.xcassets */; };
		484BE71C21932100002AE77F /* LaunchScreen.storyboard in Resources */ = {isa = PBXBuildFile; fileRef = 484BE71A21932100002AE77F /* LaunchScreen.storyboard */; };
		484BE725219336E2002AE77F /* ZendeskConnect.framework in Frameworks */ = {isa = PBXBuildFile; fileRef = 48BFD9B421919B0000747562 /* ZendeskConnect.framework */; };
		484BE726219336E2002AE77F /* ZendeskConnect.framework in Embed Frameworks */ = {isa = PBXBuildFile; fileRef = 48BFD9B421919B0000747562 /* ZendeskConnect.framework */; settings = {ATTRIBUTES = (CodeSignOnCopy, RemoveHeadersOnCopy, ); }; };
		484BE72921933885002AE77F /* LoginViewController.swift in Sources */ = {isa = PBXBuildFile; fileRef = 484BE72821933885002AE77F /* LoginViewController.swift */; };
		485205E422B29D0C000AAC7E /* ConnectIPMMetric.swift in Sources */ = {isa = PBXBuildFile; fileRef = 485205E322B29D0C000AAC7E /* ConnectIPMMetric.swift */; };
		4863FF09228C395700F5483D /* OHHTTPStubs.framework in Frameworks */ = {isa = PBXBuildFile; fileRef = 48FED98A21C10D9800D8975D /* OHHTTPStubs.framework */; };
		486CDC5721B93080009E58A3 /* SystemLocalizedString.swift in Sources */ = {isa = PBXBuildFile; fileRef = 486CDC5621B93080009E58A3 /* SystemLocalizedString.swift */; };
		486CDC6221BE71A6009E58A3 /* ConnectPushRegistration.swift in Sources */ = {isa = PBXBuildFile; fileRef = 486CDC6121BE71A6009E58A3 /* ConnectPushRegistration.swift */; };
		4879BA9721ADAF0D00BF4042 /* Storage.swift in Sources */ = {isa = PBXBuildFile; fileRef = 4879BA9621ADAF0D00BF4042 /* Storage.swift */; };
		4879BA9921AED3D600BF4042 /* EnvironmentStorage.swift in Sources */ = {isa = PBXBuildFile; fileRef = 4879BA9821AED3D600BF4042 /* EnvironmentStorage.swift */; };
		48BEEE3D22F32C35004E795C /* ConnectAPIClient.swift in Sources */ = {isa = PBXBuildFile; fileRef = 48BEEE3C22F32C35004E795C /* ConnectAPIClient.swift */; };
		48BFD9B921919B0000747562 /* ZendeskConnect.h in Headers */ = {isa = PBXBuildFile; fileRef = 48BFD9B721919B0000747562 /* ZendeskConnect.h */; settings = {ATTRIBUTES = (Public, ); }; };
		48BFD9F92191B4CF00747562 /* ConnectShadowFactoryTests.swift in Sources */ = {isa = PBXBuildFile; fileRef = 48BFD9F82191B4CF00747562 /* ConnectShadowFactoryTests.swift */; };
		48BFD9FB2191B4CF00747562 /* ZendeskConnect.framework in Frameworks */ = {isa = PBXBuildFile; fileRef = 48BFD9B421919B0000747562 /* ZendeskConnect.framework */; };
		48C4C01F22E8616B00E4A5AC /* IPMViewModel.swift in Sources */ = {isa = PBXBuildFile; fileRef = 48C4C01E22E8616B00E4A5AC /* IPMViewModel.swift */; };
		48C51A7F21A31A890040CFE8 /* PushBasicMetric.swift in Sources */ = {isa = PBXBuildFile; fileRef = 48C51A7C21A31A890040CFE8 /* PushBasicMetric.swift */; };
		48C51A8021A31A890040CFE8 /* UninstallTracker.swift in Sources */ = {isa = PBXBuildFile; fileRef = 48C51A7D21A31A890040CFE8 /* UninstallTracker.swift */; };
		48C51A8121A31A890040CFE8 /* PairDevice.swift in Sources */ = {isa = PBXBuildFile; fileRef = 48C51A7E21A31A890040CFE8 /* PairDevice.swift */; };
		48C51A8621A31A930040CFE8 /* MetricsResource.swift in Sources */ = {isa = PBXBuildFile; fileRef = 48C51A8221A31A920040CFE8 /* MetricsResource.swift */; };
		48C51A8721A31A930040CFE8 /* TestSendResource.swift in Sources */ = {isa = PBXBuildFile; fileRef = 48C51A8321A31A920040CFE8 /* TestSendResource.swift */; };
		48C51A8821A31A930040CFE8 /* MetricsProvider.swift in Sources */ = {isa = PBXBuildFile; fileRef = 48C51A8421A31A930040CFE8 /* MetricsProvider.swift */; };
		48C51A8921A31A930040CFE8 /* TestSendProvider.swift in Sources */ = {isa = PBXBuildFile; fileRef = 48C51A8521A31A930040CFE8 /* TestSendProvider.swift */; };
		48CB4A8721C270BA00A0CC32 /* EventFactory.swift in Sources */ = {isa = PBXBuildFile; fileRef = 48CB4A8621C270BA00A0CC32 /* EventFactory.swift */; };
		48CB4A8921C2740C00A0CC32 /* UserExtensions.swift in Sources */ = {isa = PBXBuildFile; fileRef = 48CB4A8821C2740C00A0CC32 /* UserExtensions.swift */; };
		48CBDC4421AF098A0028D6B8 /* ConnectShadow.swift in Sources */ = {isa = PBXBuildFile; fileRef = 48CBDC4321AF098A0028D6B8 /* ConnectShadow.swift */; };
		48CBDC4621AF0ADA0028D6B8 /* ConnectShadowFactory.swift in Sources */ = {isa = PBXBuildFile; fileRef = 48CBDC4521AF0ADA0028D6B8 /* ConnectShadowFactory.swift */; };
		48CBDC4821B02C830028D6B8 /* UIAlertControllerExtensions.swift in Sources */ = {isa = PBXBuildFile; fileRef = 48CBDC4721B02C830028D6B8 /* UIAlertControllerExtensions.swift */; };
		48CBDC4B21B53E940028D6B8 /* PushSharedStorageModule.swift in Sources */ = {isa = PBXBuildFile; fileRef = 48CBDC4A21B53E940028D6B8 /* PushSharedStorageModule.swift */; };
		48CBDC4D21B698170028D6B8 /* AdminPanel.storyboard in Resources */ = {isa = PBXBuildFile; fileRef = 48CBDC4C21B698170028D6B8 /* AdminPanel.storyboard */; };
		48CBDC4F21B698650028D6B8 /* AdminPanelViewController.swift in Sources */ = {isa = PBXBuildFile; fileRef = 48CBDC4E21B698650028D6B8 /* AdminPanelViewController.swift */; };
		48D0F4AB21B7DAE400288239 /* CodeEntryProgressionController.swift in Sources */ = {isa = PBXBuildFile; fileRef = 48D0F4AA21B7DAE400288239 /* CodeEntryProgressionController.swift */; };
		48EFCCC122E0689E002FBEF6 /* ImageResource.swift in Sources */ = {isa = PBXBuildFile; fileRef = 48EFCCC022E0689E002FBEF6 /* ImageResource.swift */; };
		48EFCCC322E068B7002FBEF6 /* ImageOperation.swift in Sources */ = {isa = PBXBuildFile; fileRef = 48EFCCC222E068B7002FBEF6 /* ImageOperation.swift */; };
		48EFCCC522E068FF002FBEF6 /* ApplicationStateOperation.swift in Sources */ = {isa = PBXBuildFile; fileRef = 48EFCCC422E068FF002FBEF6 /* ApplicationStateOperation.swift */; };
		48EFCCC722E06934002FBEF6 /* MessagePresentationOperation.swift in Sources */ = {isa = PBXBuildFile; fileRef = 48EFCCC622E06934002FBEF6 /* MessagePresentationOperation.swift */; };
		48EFCCCA22E072DC002FBEF6 /* ApplicationStateOperationTests.swift in Sources */ = {isa = PBXBuildFile; fileRef = 48EFCCC922E072DC002FBEF6 /* ApplicationStateOperationTests.swift */; };
		48EFCCCC22E07D83002FBEF6 /* ImageOperationTests.swift in Sources */ = {isa = PBXBuildFile; fileRef = 48EFCCCB22E07D83002FBEF6 /* ImageOperationTests.swift */; };
		48EFCCD322E081C5002FBEF6 /* test-image.png in Resources */ = {isa = PBXBuildFile; fileRef = 48EFCCD222E081C5002FBEF6 /* test-image.png */; };
		48EFCCD522E081DA002FBEF6 /* EventFactoryTests.swift in Sources */ = {isa = PBXBuildFile; fileRef = 48EFCCD422E081D9002FBEF6 /* EventFactoryTests.swift */; };
		48EFCCD722E083D9002FBEF6 /* MessagePresentationOperationTests.swift in Sources */ = {isa = PBXBuildFile; fileRef = 48EFCCD622E083D9002FBEF6 /* MessagePresentationOperationTests.swift */; };
		48EFCCD922E5C1AF002FBEF6 /* EnqueueUserNotificationOperation.swift in Sources */ = {isa = PBXBuildFile; fileRef = 48EFCCD822E5C1AF002FBEF6 /* EnqueueUserNotificationOperation.swift */; };
		48EFCCDA22E5CC98002FBEF6 /* PushStrategyFactory.swift in Sources */ = {isa = PBXBuildFile; fileRef = 1C1E4C8422899D6A0096A801 /* PushStrategyFactory.swift */; };
		48EFCCDC22E6FDDB002FBEF6 /* MockIPMStorage.swift in Sources */ = {isa = PBXBuildFile; fileRef = 48EFCCDB22E6FDDB002FBEF6 /* MockIPMStorage.swift */; };
		48FED98921BF45B000D8975D /* AdminPresenter.swift in Sources */ = {isa = PBXBuildFile; fileRef = 48FED98821BF45B000D8975D /* AdminPresenter.swift */; };
		48FED98F21C1104800D8975D /* ConfigTests.swift in Sources */ = {isa = PBXBuildFile; fileRef = 48FED98E21C1104800D8975D /* ConfigTests.swift */; };
		48FED99121C1109F00D8975D /* TestHelpers.swift in Sources */ = {isa = PBXBuildFile; fileRef = 48FED99021C1109F00D8975D /* TestHelpers.swift */; };
		48FED99321C115BB00D8975D /* TrackEventTests.swift in Sources */ = {isa = PBXBuildFile; fileRef = 48FED99221C115BB00D8975D /* TrackEventTests.swift */; };
/* End PBXBuildFile section */

/* Begin PBXContainerItemProxy section */
		484BE721219336D2002AE77F /* PBXContainerItemProxy */ = {
			isa = PBXContainerItemProxy;
			containerPortal = 48BFD9AB21919B0000747562 /* Project object */;
			proxyType = 1;
			remoteGlobalIDString = 48BFD9B321919B0000747562;
			remoteInfo = ZendeskConnect;
		};
		48BFD9FC2191B4CF00747562 /* PBXContainerItemProxy */ = {
			isa = PBXContainerItemProxy;
			containerPortal = 48BFD9AB21919B0000747562 /* Project object */;
			proxyType = 1;
			remoteGlobalIDString = 48BFD9B321919B0000747562;
			remoteInfo = ZendeskConnect;
		};
/* End PBXContainerItemProxy section */

/* Begin PBXCopyFilesBuildPhase section */
		484BE727219336E2002AE77F /* Embed Frameworks */ = {
			isa = PBXCopyFilesBuildPhase;
			buildActionMask = 2147483647;
			dstPath = "";
			dstSubfolderSpec = 10;
			files = (
				484BE726219336E2002AE77F /* ZendeskConnect.framework in Embed Frameworks */,
			);
			name = "Embed Frameworks";
			runOnlyForDeploymentPostprocessing = 0;
		};
/* End PBXCopyFilesBuildPhase section */

/* Begin PBXFileReference section */
		1C0E0AB122E1B2F10099533B /* StoreIPMOperation.swift */ = {isa = PBXFileReference; lastKnownFileType = sourcecode.swift; path = StoreIPMOperation.swift; sourceTree = "<group>"; };
		1C0E0AB322E213960099533B /* ConnectUserNotificationCenterWrapper.swift */ = {isa = PBXFileReference; lastKnownFileType = sourcecode.swift; path = ConnectUserNotificationCenterWrapper.swift; sourceTree = "<group>"; };
		1C0E0AB722E214A90099533B /* MockUserNotificationCenterWrapper.swift */ = {isa = PBXFileReference; lastKnownFileType = sourcecode.swift; path = MockUserNotificationCenterWrapper.swift; sourceTree = "<group>"; };
		1C0E0AB922E5B2310099533B /* StoreIPMOperationTests.swift */ = {isa = PBXFileReference; lastKnownFileType = sourcecode.swift; path = StoreIPMOperationTests.swift; sourceTree = "<group>"; };
		1C0E0ABB22E5B5CB0099533B /* MockCoordinator.swift */ = {isa = PBXFileReference; lastKnownFileType = sourcecode.swift; path = MockCoordinator.swift; sourceTree = "<group>"; };
		1C1E4C67228423A60096A801 /* ConnectNotification.swift */ = {isa = PBXFileReference; lastKnownFileType = sourcecode.swift; path = ConnectNotification.swift; sourceTree = "<group>"; };
		1C1E4C6D228486090096A801 /* SilentPushStrategy.swift */ = {isa = PBXFileReference; lastKnownFileType = sourcecode.swift; path = SilentPushStrategy.swift; sourceTree = "<group>"; };
		1C1E4C6F2284863E0096A801 /* UninstallSilentPushStrategy.swift */ = {isa = PBXFileReference; lastKnownFileType = sourcecode.swift; path = UninstallSilentPushStrategy.swift; sourceTree = "<group>"; };
		1C1E4C73228580EC0096A801 /* ConnectPushRegistrationTests.swift */ = {isa = PBXFileReference; fileEncoding = 4; lastKnownFileType = sourcecode.swift; path = ConnectPushRegistrationTests.swift; sourceTree = "<group>"; };
		1C1E4C76228581480096A801 /* ConnectNotificationTests.swift */ = {isa = PBXFileReference; fileEncoding = 4; lastKnownFileType = sourcecode.swift; path = ConnectNotificationTests.swift; sourceTree = "<group>"; };
		1C1E4C78228582620096A801 /* UninstallSilentPushStrategyTests.swift */ = {isa = PBXFileReference; lastKnownFileType = sourcecode.swift; path = UninstallSilentPushStrategyTests.swift; sourceTree = "<group>"; };
		1C1E4C7A2285A8750096A801 /* PushStrategy.swift */ = {isa = PBXFileReference; lastKnownFileType = sourcecode.swift; path = PushStrategy.swift; sourceTree = "<group>"; };
		1C1E4C8222899CF60096A801 /* ConnectSilentPushStrategyFactory.swift */ = {isa = PBXFileReference; lastKnownFileType = sourcecode.swift; path = ConnectSilentPushStrategyFactory.swift; sourceTree = "<group>"; };
		1C1E4C8422899D6A0096A801 /* PushStrategyFactory.swift */ = {isa = PBXFileReference; lastKnownFileType = sourcecode.swift; path = PushStrategyFactory.swift; sourceTree = "<group>"; };
		1C1E4C882289A0020096A801 /* SilentPushStrategyFactoryTests.swift */ = {isa = PBXFileReference; lastKnownFileType = sourcecode.swift; path = SilentPushStrategyFactoryTests.swift; sourceTree = "<group>"; };
		1C1E4C8C228ACDFD0096A801 /* NotificationResponseWrapper.swift */ = {isa = PBXFileReference; lastKnownFileType = sourcecode.swift; path = NotificationResponseWrapper.swift; sourceTree = "<group>"; };
		1C1E4C8E228AD25E0096A801 /* PushStrategyFactoryTests.swift */ = {isa = PBXFileReference; lastKnownFileType = sourcecode.swift; path = PushStrategyFactoryTests.swift; sourceTree = "<group>"; };
		1C1E4C90228AD37D0096A801 /* MockNotificationResponseWrapper.swift */ = {isa = PBXFileReference; lastKnownFileType = sourcecode.swift; path = MockNotificationResponseWrapper.swift; sourceTree = "<group>"; };
		1C1E4C92228AF3750096A801 /* BasicPushStrategyTests.swift */ = {isa = PBXFileReference; lastKnownFileType = sourcecode.swift; path = BasicPushStrategyTests.swift; sourceTree = "<group>"; };
		1C1E4C96228C6EE80096A801 /* DeepLink.swift */ = {isa = PBXFileReference; lastKnownFileType = sourcecode.swift; path = DeepLink.swift; sourceTree = "<group>"; };
		1C1E4C98228DA6670096A801 /* DeepLinkTests.swift */ = {isa = PBXFileReference; lastKnownFileType = sourcecode.swift; path = DeepLinkTests.swift; sourceTree = "<group>"; };
		1C1E4C9A228DA6C20096A801 /* MockConnectAPI.swift */ = {isa = PBXFileReference; lastKnownFileType = sourcecode.swift; path = MockConnectAPI.swift; sourceTree = "<group>"; };
		1C1E4C9C228DA7220096A801 /* MockDeepLinkHandler.swift */ = {isa = PBXFileReference; lastKnownFileType = sourcecode.swift; path = MockDeepLinkHandler.swift; sourceTree = "<group>"; };
		1C1E4C9E228DA7D10096A801 /* UIApplicationExtension.swift */ = {isa = PBXFileReference; lastKnownFileType = sourcecode.swift; path = UIApplicationExtension.swift; sourceTree = "<group>"; };
		1C1E4CA0228DAAB50096A801 /* OnMain.swift */ = {isa = PBXFileReference; lastKnownFileType = sourcecode.swift; path = OnMain.swift; sourceTree = "<group>"; };
		1C5B1F6622E0A6AA00DE1C94 /* IPMSharedStorageModule.swift */ = {isa = PBXFileReference; lastKnownFileType = sourcecode.swift; path = IPMSharedStorageModule.swift; sourceTree = "<group>"; };
		1CAD6C5E2267298900E7345A /* ZendeskKeys.plist */ = {isa = PBXFileReference; lastKnownFileType = text.plist.xml; path = ZendeskKeys.plist; sourceTree = "<group>"; };
		1CAD6C6022672B9F00E7345A /* KeyViewController.swift */ = {isa = PBXFileReference; lastKnownFileType = sourcecode.swift; path = KeyViewController.swift; sourceTree = "<group>"; };
		1CAD6C6222672F5100E7345A /* ZendeskKey.swift */ = {isa = PBXFileReference; lastKnownFileType = sourcecode.swift; path = ZendeskKey.swift; sourceTree = "<group>"; };
		1CAD6C642267597200E7345A /* ZendeskKeyReader.swift */ = {isa = PBXFileReference; lastKnownFileType = sourcecode.swift; path = ZendeskKeyReader.swift; sourceTree = "<group>"; };
		1CAD6C662267609400E7345A /* ZendeskKeyStorage.swift */ = {isa = PBXFileReference; lastKnownFileType = sourcecode.swift; path = ZendeskKeyStorage.swift; sourceTree = "<group>"; };
		1CAD6C682269CBFB00E7345A /* IPM.swift */ = {isa = PBXFileReference; lastKnownFileType = sourcecode.swift; path = IPM.swift; sourceTree = "<group>"; };
		1CAD6C6A2269F0C300E7345A /* IPMTests.swift */ = {isa = PBXFileReference; lastKnownFileType = sourcecode.swift; path = IPMTests.swift; sourceTree = "<group>"; };
		1CAD6C6C226F632800E7345A /* UIColorExtension.swift */ = {isa = PBXFileReference; lastKnownFileType = sourcecode.swift; path = UIColorExtension.swift; sourceTree = "<group>"; };
		1CAD6C6E226F65E700E7345A /* UIColorExtensionTests.swift */ = {isa = PBXFileReference; lastKnownFileType = sourcecode.swift; path = UIColorExtensionTests.swift; sourceTree = "<group>"; };
		1CAD6C7022706FFA00E7345A /* UIColorHelper.swift */ = {isa = PBXFileReference; lastKnownFileType = sourcecode.swift; path = UIColorHelper.swift; sourceTree = "<group>"; };
		1CCAB56D22A90AEE0089AF7D /* ConnectAPIClientTests.swift */ = {isa = PBXFileReference; lastKnownFileType = sourcecode.swift; path = ConnectAPIClientTests.swift; sourceTree = "<group>"; };
		1CCAB56F22A90BC50089AF7D /* MockMetricsProvider.swift */ = {isa = PBXFileReference; lastKnownFileType = sourcecode.swift; path = MockMetricsProvider.swift; sourceTree = "<group>"; };
		1CE27B1522E8504900D5098A /* ConnectAssets.xcassets */ = {isa = PBXFileReference; lastKnownFileType = folder.assetcatalog; path = ConnectAssets.xcassets; sourceTree = "<group>"; };
		1CE27B1722E86CF800D5098A /* DictionaryDecoder.swift */ = {isa = PBXFileReference; lastKnownFileType = sourcecode.swift; path = DictionaryDecoder.swift; sourceTree = "<group>"; };
		1CEEEBE02297F151004CCB65 /* IPMViewController.swift */ = {isa = PBXFileReference; lastKnownFileType = sourcecode.swift; path = IPMViewController.swift; sourceTree = "<group>"; };
		1CEEEBE12297F151004CCB65 /* IPMViewController.xib */ = {isa = PBXFileReference; lastKnownFileType = file.xib; path = IPMViewController.xib; sourceTree = "<group>"; };
		1CEEEBE9229D25A8004CCB65 /* IPMCoordinator.swift */ = {isa = PBXFileReference; lastKnownFileType = sourcecode.swift; path = IPMCoordinator.swift; sourceTree = "<group>"; };
		1CEEEBEB229D25FD004CCB65 /* IPMWindow.swift */ = {isa = PBXFileReference; lastKnownFileType = sourcecode.swift; path = IPMWindow.swift; sourceTree = "<group>"; };
		1CEEEBF5229ED5B4004CCB65 /* CustomTransitionDelegate.swift */ = {isa = PBXFileReference; lastKnownFileType = sourcecode.swift; path = CustomTransitionDelegate.swift; sourceTree = "<group>"; };
		1CEEEBF7229ED5E2004CCB65 /* CustomPresentationController.swift */ = {isa = PBXFileReference; lastKnownFileType = sourcecode.swift; path = CustomPresentationController.swift; sourceTree = "<group>"; };
		483839502297F7220054365F /* DefaultSilentPushStrategy.swift */ = {isa = PBXFileReference; lastKnownFileType = sourcecode.swift; path = DefaultSilentPushStrategy.swift; sourceTree = "<group>"; };
		483839522297F8770054365F /* HostAppPushStrategy.swift */ = {isa = PBXFileReference; lastKnownFileType = sourcecode.swift; path = HostAppPushStrategy.swift; sourceTree = "<group>"; };
		483839542297FC150054365F /* BasicPushStrategy.swift */ = {isa = PBXFileReference; fileEncoding = 4; lastKnownFileType = sourcecode.swift; path = BasicPushStrategy.swift; sourceTree = "<group>"; };
		48383958229C22720054365F /* IPMSilentPushStrategy.swift */ = {isa = PBXFileReference; lastKnownFileType = sourcecode.swift; path = IPMSilentPushStrategy.swift; sourceTree = "<group>"; };
		4838395C229C24260054365F /* Coordinator.swift */ = {isa = PBXFileReference; fileEncoding = 4; lastKnownFileType = sourcecode.swift; path = Coordinator.swift; sourceTree = "<group>"; };
		484BE67D21930524002AE77F /* Connect.swift */ = {isa = PBXFileReference; fileEncoding = 4; lastKnownFileType = sourcecode.swift; path = Connect.swift; sourceTree = "<group>"; };
		484BE6A221930687002AE77F /* EventOperation.swift */ = {isa = PBXFileReference; fileEncoding = 4; lastKnownFileType = sourcecode.swift; path = EventOperation.swift; sourceTree = "<group>"; };
		484BE6A421930687002AE77F /* IdentifyResource.swift */ = {isa = PBXFileReference; fileEncoding = 4; lastKnownFileType = sourcecode.swift; path = IdentifyResource.swift; sourceTree = "<group>"; };
		484BE6A521930687002AE77F /* IdentifyProvider.swift */ = {isa = PBXFileReference; fileEncoding = 4; lastKnownFileType = sourcecode.swift; path = IdentifyProvider.swift; sourceTree = "<group>"; };
		484BE6A621930687002AE77F /* RequestDecorators.swift */ = {isa = PBXFileReference; fileEncoding = 4; lastKnownFileType = sourcecode.swift; path = RequestDecorators.swift; sourceTree = "<group>"; };
		484BE6A721930687002AE77F /* EventResource.swift */ = {isa = PBXFileReference; fileEncoding = 4; lastKnownFileType = sourcecode.swift; path = EventResource.swift; sourceTree = "<group>"; };
		484BE6A821930687002AE77F /* PushResource.swift */ = {isa = PBXFileReference; fileEncoding = 4; lastKnownFileType = sourcecode.swift; path = PushResource.swift; sourceTree = "<group>"; };
		484BE6A921930687002AE77F /* EventProvider.swift */ = {isa = PBXFileReference; fileEncoding = 4; lastKnownFileType = sourcecode.swift; path = EventProvider.swift; sourceTree = "<group>"; };
		484BE6AA21930687002AE77F /* PushProvider.swift */ = {isa = PBXFileReference; fileEncoding = 4; lastKnownFileType = sourcecode.swift; path = PushProvider.swift; sourceTree = "<group>"; };
		484BE6AB21930687002AE77F /* ConfigProvider.swift */ = {isa = PBXFileReference; fileEncoding = 4; lastKnownFileType = sourcecode.swift; path = ConfigProvider.swift; sourceTree = "<group>"; };
		484BE6AC21930687002AE77F /* ConfigResource.swift */ = {isa = PBXFileReference; fileEncoding = 4; lastKnownFileType = sourcecode.swift; path = ConfigResource.swift; sourceTree = "<group>"; };
		484BE6AD21930687002AE77F /* BaseProvider.swift */ = {isa = PBXFileReference; fileEncoding = 4; lastKnownFileType = sourcecode.swift; path = BaseProvider.swift; sourceTree = "<group>"; };
		484BE6B021930687002AE77F /* Event.swift */ = {isa = PBXFileReference; fileEncoding = 4; lastKnownFileType = sourcecode.swift; path = Event.swift; sourceTree = "<group>"; };
		484BE6B121930687002AE77F /* PushRegistration.swift */ = {isa = PBXFileReference; fileEncoding = 4; lastKnownFileType = sourcecode.swift; path = PushRegistration.swift; sourceTree = "<group>"; };
		484BE6B221930687002AE77F /* Config.swift */ = {isa = PBXFileReference; fileEncoding = 4; lastKnownFileType = sourcecode.swift; path = Config.swift; sourceTree = "<group>"; };
		484BE6B321930687002AE77F /* User.swift */ = {isa = PBXFileReference; fileEncoding = 4; lastKnownFileType = sourcecode.swift; path = User.swift; sourceTree = "<group>"; };
		484BE6B521930687002AE77F /* PrePrompt.swift */ = {isa = PBXFileReference; fileEncoding = 4; lastKnownFileType = sourcecode.swift; path = PrePrompt.swift; sourceTree = "<group>"; };
		484BE6B621930687002AE77F /* Accountconfig.swift */ = {isa = PBXFileReference; fileEncoding = 4; lastKnownFileType = sourcecode.swift; path = Accountconfig.swift; sourceTree = "<group>"; };
		484BE6B821930687002AE77F /* RequestDecorator.swift */ = {isa = PBXFileReference; fileEncoding = 4; lastKnownFileType = sourcecode.swift; path = RequestDecorator.swift; sourceTree = "<group>"; };
		484BE6B921930687002AE77F /* Result.swift */ = {isa = PBXFileReference; fileEncoding = 4; lastKnownFileType = sourcecode.swift; path = Result.swift; sourceTree = "<group>"; };
		484BE6BA21930687002AE77F /* Resource.swift */ = {isa = PBXFileReference; fileEncoding = 4; lastKnownFileType = sourcecode.swift; path = Resource.swift; sourceTree = "<group>"; };
		484BE6BC21930687002AE77F /* String+Extension.swift */ = {isa = PBXFileReference; fileEncoding = 4; lastKnownFileType = sourcecode.swift; path = "String+Extension.swift"; sourceTree = "<group>"; };
		484BE6BD21930687002AE77F /* NSMutableURLRequest+Extension.swift */ = {isa = PBXFileReference; fileEncoding = 4; lastKnownFileType = sourcecode.swift; path = "NSMutableURLRequest+Extension.swift"; sourceTree = "<group>"; };
		484BE6BE21930687002AE77F /* HTTPMethod.swift */ = {isa = PBXFileReference; fileEncoding = 4; lastKnownFileType = sourcecode.swift; path = HTTPMethod.swift; sourceTree = "<group>"; };
		484BE6BF21930687002AE77F /* WebService.swift */ = {isa = PBXFileReference; fileEncoding = 4; lastKnownFileType = sourcecode.swift; path = WebService.swift; sourceTree = "<group>"; };
		484BE6C021930687002AE77F /* Codable+Extension.swift */ = {isa = PBXFileReference; fileEncoding = 4; lastKnownFileType = sourcecode.swift; path = "Codable+Extension.swift"; sourceTree = "<group>"; };
		484BE6C221930687002AE77F /* Client.swift */ = {isa = PBXFileReference; fileEncoding = 4; lastKnownFileType = sourcecode.swift; path = Client.swift; sourceTree = "<group>"; };
		484BE6C321930687002AE77F /* IdentifyOperation.swift */ = {isa = PBXFileReference; fileEncoding = 4; lastKnownFileType = sourcecode.swift; path = IdentifyOperation.swift; sourceTree = "<group>"; };
		484BE6C421930687002AE77F /* BaseOperation.swift */ = {isa = PBXFileReference; fileEncoding = 4; lastKnownFileType = sourcecode.swift; path = BaseOperation.swift; sourceTree = "<group>"; };
		484BE6C621930687002AE77F /* UserStorage.swift */ = {isa = PBXFileReference; fileEncoding = 4; lastKnownFileType = sourcecode.swift; path = UserStorage.swift; sourceTree = "<group>"; };
		484BE6C721930687002AE77F /* ConfigStorage.swift */ = {isa = PBXFileReference; fileEncoding = 4; lastKnownFileType = sourcecode.swift; path = ConfigStorage.swift; sourceTree = "<group>"; };
		484BE6C821930687002AE77F /* Logger.swift */ = {isa = PBXFileReference; fileEncoding = 4; lastKnownFileType = sourcecode.swift; path = Logger.swift; sourceTree = "<group>"; };
		484BE6C921930687002AE77F /* Reachability.swift */ = {isa = PBXFileReference; fileEncoding = 4; lastKnownFileType = sourcecode.swift; path = Reachability.swift; sourceTree = "<group>"; };
		484BE6CA21930687002AE77F /* FileUtility.swift */ = {isa = PBXFileReference; fileEncoding = 4; lastKnownFileType = sourcecode.swift; path = FileUtility.swift; sourceTree = "<group>"; };
		484BE6CC21930687002AE77F /* ZCNEvent.swift */ = {isa = PBXFileReference; fileEncoding = 4; lastKnownFileType = sourcecode.swift; path = ZCNEvent.swift; sourceTree = "<group>"; };
		484BE6CD21930687002AE77F /* ZCNUser.swift */ = {isa = PBXFileReference; fileEncoding = 4; lastKnownFileType = sourcecode.swift; path = ZCNUser.swift; sourceTree = "<group>"; };
		484BE6CF21930687002AE77F /* ObjectQueue.swift */ = {isa = PBXFileReference; fileEncoding = 4; lastKnownFileType = sourcecode.swift; path = ObjectQueue.swift; sourceTree = "<group>"; };
		484BE6D021930687002AE77F /* FileElement.swift */ = {isa = PBXFileReference; fileEncoding = 4; lastKnownFileType = sourcecode.swift; path = FileElement.swift; sourceTree = "<group>"; };
		484BE6D121930687002AE77F /* QueueFile.swift */ = {isa = PBXFileReference; fileEncoding = 4; lastKnownFileType = sourcecode.swift; path = QueueFile.swift; sourceTree = "<group>"; };
		484BE6D221930687002AE77F /* FileObjectQueue.swift */ = {isa = PBXFileReference; fileEncoding = 4; lastKnownFileType = sourcecode.swift; path = FileObjectQueue.swift; sourceTree = "<group>"; };
		484BE6D321930687002AE77F /* FileHeader.swift */ = {isa = PBXFileReference; fileEncoding = 4; lastKnownFileType = sourcecode.swift; path = FileHeader.swift; sourceTree = "<group>"; };
		484BE6D421930687002AE77F /* InMemoryObjectQueue.swift */ = {isa = PBXFileReference; fileEncoding = 4; lastKnownFileType = sourcecode.swift; path = InMemoryObjectQueue.swift; sourceTree = "<group>"; };
		484BE6D521930687002AE77F /* Converter.swift */ = {isa = PBXFileReference; fileEncoding = 4; lastKnownFileType = sourcecode.swift; path = Converter.swift; sourceTree = "<group>"; };
		484BE6D721930687002AE77F /* Queue.swift */ = {isa = PBXFileReference; fileEncoding = 4; lastKnownFileType = sourcecode.swift; path = Queue.swift; sourceTree = "<group>"; };
		484BE70521931D54002AE77F /* StorageTests.swift */ = {isa = PBXFileReference; fileEncoding = 4; lastKnownFileType = sourcecode.swift; path = StorageTests.swift; sourceTree = "<group>"; };
		484BE70621931D54002AE77F /* QueueFileTests.swift */ = {isa = PBXFileReference; fileEncoding = 4; lastKnownFileType = sourcecode.swift; path = QueueFileTests.swift; sourceTree = "<group>"; };
		484BE70721931D54002AE77F /* ObjectQueueTests.swift */ = {isa = PBXFileReference; fileEncoding = 4; lastKnownFileType = sourcecode.swift; path = ObjectQueueTests.swift; sourceTree = "<group>"; };
		484BE70F219320FE002AE77F /* ZendeskConnectSample.app */ = {isa = PBXFileReference; explicitFileType = wrapper.application; includeInIndex = 0; path = ZendeskConnectSample.app; sourceTree = BUILT_PRODUCTS_DIR; };
		484BE711219320FF002AE77F /* AppDelegate.swift */ = {isa = PBXFileReference; lastKnownFileType = sourcecode.swift; path = AppDelegate.swift; sourceTree = "<group>"; };
		484BE713219320FF002AE77F /* ViewController.swift */ = {isa = PBXFileReference; lastKnownFileType = sourcecode.swift; path = ViewController.swift; sourceTree = "<group>"; };
		484BE716219320FF002AE77F /* Base */ = {isa = PBXFileReference; lastKnownFileType = file.storyboard; name = Base; path = Base.lproj/Main.storyboard; sourceTree = "<group>"; };
		484BE71821932100002AE77F /* Assets.xcassets */ = {isa = PBXFileReference; lastKnownFileType = folder.assetcatalog; path = Assets.xcassets; sourceTree = "<group>"; };
		484BE71B21932100002AE77F /* Base */ = {isa = PBXFileReference; lastKnownFileType = file.storyboard; name = Base; path = Base.lproj/LaunchScreen.storyboard; sourceTree = "<group>"; };
		484BE71D21932100002AE77F /* Info.plist */ = {isa = PBXFileReference; lastKnownFileType = text.plist.xml; path = Info.plist; sourceTree = "<group>"; };
		484BE72821933885002AE77F /* LoginViewController.swift */ = {isa = PBXFileReference; fileEncoding = 4; lastKnownFileType = sourcecode.swift; path = LoginViewController.swift; sourceTree = "<group>"; };
		484BE72A21933AA0002AE77F /* ZendeskConnectSample.entitlements */ = {isa = PBXFileReference; lastKnownFileType = text.plist.entitlements; path = ZendeskConnectSample.entitlements; sourceTree = "<group>"; };
		485205E322B29D0C000AAC7E /* ConnectIPMMetric.swift */ = {isa = PBXFileReference; lastKnownFileType = sourcecode.swift; path = ConnectIPMMetric.swift; sourceTree = "<group>"; };
		4856A66F2279A96500598DF2 /* PusherKit.framework */ = {isa = PBXFileReference; lastKnownFileType = wrapper.framework; name = PusherKit.framework; path = ../Carthage/Build/iOS/PusherKit.framework; sourceTree = "<group>"; };
		486CDC5621B93080009E58A3 /* SystemLocalizedString.swift */ = {isa = PBXFileReference; lastKnownFileType = sourcecode.swift; path = SystemLocalizedString.swift; sourceTree = "<group>"; };
		486CDC6121BE71A6009E58A3 /* ConnectPushRegistration.swift */ = {isa = PBXFileReference; fileEncoding = 4; lastKnownFileType = sourcecode.swift; path = ConnectPushRegistration.swift; sourceTree = "<group>"; };
		4879BA9621ADAF0D00BF4042 /* Storage.swift */ = {isa = PBXFileReference; lastKnownFileType = sourcecode.swift; path = Storage.swift; sourceTree = "<group>"; };
		4879BA9821AED3D600BF4042 /* EnvironmentStorage.swift */ = {isa = PBXFileReference; lastKnownFileType = sourcecode.swift; path = EnvironmentStorage.swift; sourceTree = "<group>"; };
		4898D969227AF4400086E6CF /* Swifter.framework */ = {isa = PBXFileReference; lastKnownFileType = wrapper.framework; name = Swifter.framework; path = ../Carthage/Build/iOS/Swifter.framework; sourceTree = "<group>"; };
		48BEEE3C22F32C35004E795C /* ConnectAPIClient.swift */ = {isa = PBXFileReference; fileEncoding = 4; lastKnownFileType = sourcecode.swift; path = ConnectAPIClient.swift; sourceTree = "<group>"; };
		48BFD9B421919B0000747562 /* ZendeskConnect.framework */ = {isa = PBXFileReference; explicitFileType = wrapper.framework; includeInIndex = 0; path = ZendeskConnect.framework; sourceTree = BUILT_PRODUCTS_DIR; };
		48BFD9B721919B0000747562 /* ZendeskConnect.h */ = {isa = PBXFileReference; lastKnownFileType = sourcecode.c.h; path = ZendeskConnect.h; sourceTree = "<group>"; };
		48BFD9B821919B0000747562 /* Info.plist */ = {isa = PBXFileReference; lastKnownFileType = text.plist.xml; path = Info.plist; sourceTree = "<group>"; };
		48BFD9F62191B4CF00747562 /* ZendeskConnectTests.xctest */ = {isa = PBXFileReference; explicitFileType = wrapper.cfbundle; includeInIndex = 0; path = ZendeskConnectTests.xctest; sourceTree = BUILT_PRODUCTS_DIR; };
		48BFD9F82191B4CF00747562 /* ConnectShadowFactoryTests.swift */ = {isa = PBXFileReference; lastKnownFileType = sourcecode.swift; path = ConnectShadowFactoryTests.swift; sourceTree = "<group>"; };
		48BFD9FA2191B4CF00747562 /* Info.plist */ = {isa = PBXFileReference; lastKnownFileType = text.plist.xml; path = Info.plist; sourceTree = "<group>"; };
		48C4C01E22E8616B00E4A5AC /* IPMViewModel.swift */ = {isa = PBXFileReference; lastKnownFileType = sourcecode.swift; path = IPMViewModel.swift; sourceTree = "<group>"; };
		48C51A5F2195E4970040CFE8 /* ZendeskConnect-Common.xcconfig */ = {isa = PBXFileReference; lastKnownFileType = text.xcconfig; path = "ZendeskConnect-Common.xcconfig"; sourceTree = "<group>"; };
		48C51A7C21A31A890040CFE8 /* PushBasicMetric.swift */ = {isa = PBXFileReference; fileEncoding = 4; lastKnownFileType = sourcecode.swift; path = PushBasicMetric.swift; sourceTree = "<group>"; };
		48C51A7D21A31A890040CFE8 /* UninstallTracker.swift */ = {isa = PBXFileReference; fileEncoding = 4; lastKnownFileType = sourcecode.swift; path = UninstallTracker.swift; sourceTree = "<group>"; };
		48C51A7E21A31A890040CFE8 /* PairDevice.swift */ = {isa = PBXFileReference; fileEncoding = 4; lastKnownFileType = sourcecode.swift; path = PairDevice.swift; sourceTree = "<group>"; };
		48C51A8221A31A920040CFE8 /* MetricsResource.swift */ = {isa = PBXFileReference; fileEncoding = 4; lastKnownFileType = sourcecode.swift; path = MetricsResource.swift; sourceTree = "<group>"; };
		48C51A8321A31A920040CFE8 /* TestSendResource.swift */ = {isa = PBXFileReference; fileEncoding = 4; lastKnownFileType = sourcecode.swift; path = TestSendResource.swift; sourceTree = "<group>"; };
		48C51A8421A31A930040CFE8 /* MetricsProvider.swift */ = {isa = PBXFileReference; fileEncoding = 4; lastKnownFileType = sourcecode.swift; path = MetricsProvider.swift; sourceTree = "<group>"; };
		48C51A8521A31A930040CFE8 /* TestSendProvider.swift */ = {isa = PBXFileReference; fileEncoding = 4; lastKnownFileType = sourcecode.swift; path = TestSendProvider.swift; sourceTree = "<group>"; };
		48CB4A8621C270BA00A0CC32 /* EventFactory.swift */ = {isa = PBXFileReference; lastKnownFileType = sourcecode.swift; path = EventFactory.swift; sourceTree = "<group>"; };
		48CB4A8821C2740C00A0CC32 /* UserExtensions.swift */ = {isa = PBXFileReference; lastKnownFileType = sourcecode.swift; path = UserExtensions.swift; sourceTree = "<group>"; };
		48CBDC4321AF098A0028D6B8 /* ConnectShadow.swift */ = {isa = PBXFileReference; lastKnownFileType = sourcecode.swift; path = ConnectShadow.swift; sourceTree = "<group>"; };
		48CBDC4521AF0ADA0028D6B8 /* ConnectShadowFactory.swift */ = {isa = PBXFileReference; lastKnownFileType = sourcecode.swift; path = ConnectShadowFactory.swift; sourceTree = "<group>"; };
		48CBDC4721B02C830028D6B8 /* UIAlertControllerExtensions.swift */ = {isa = PBXFileReference; lastKnownFileType = sourcecode.swift; path = UIAlertControllerExtensions.swift; sourceTree = "<group>"; };
		48CBDC4A21B53E940028D6B8 /* PushSharedStorageModule.swift */ = {isa = PBXFileReference; lastKnownFileType = sourcecode.swift; path = PushSharedStorageModule.swift; sourceTree = "<group>"; };
		48CBDC4C21B698170028D6B8 /* AdminPanel.storyboard */ = {isa = PBXFileReference; lastKnownFileType = file.storyboard; path = AdminPanel.storyboard; sourceTree = "<group>"; };
		48CBDC4E21B698650028D6B8 /* AdminPanelViewController.swift */ = {isa = PBXFileReference; lastKnownFileType = sourcecode.swift; path = AdminPanelViewController.swift; sourceTree = "<group>"; };
		48D0F4AA21B7DAE400288239 /* CodeEntryProgressionController.swift */ = {isa = PBXFileReference; lastKnownFileType = sourcecode.swift; path = CodeEntryProgressionController.swift; sourceTree = "<group>"; };
		48EFCCC022E0689E002FBEF6 /* ImageResource.swift */ = {isa = PBXFileReference; lastKnownFileType = sourcecode.swift; path = ImageResource.swift; sourceTree = "<group>"; };
		48EFCCC222E068B7002FBEF6 /* ImageOperation.swift */ = {isa = PBXFileReference; lastKnownFileType = sourcecode.swift; path = ImageOperation.swift; sourceTree = "<group>"; };
		48EFCCC422E068FF002FBEF6 /* ApplicationStateOperation.swift */ = {isa = PBXFileReference; lastKnownFileType = sourcecode.swift; path = ApplicationStateOperation.swift; sourceTree = "<group>"; };
		48EFCCC622E06934002FBEF6 /* MessagePresentationOperation.swift */ = {isa = PBXFileReference; lastKnownFileType = sourcecode.swift; path = MessagePresentationOperation.swift; sourceTree = "<group>"; };
		48EFCCC922E072DC002FBEF6 /* ApplicationStateOperationTests.swift */ = {isa = PBXFileReference; lastKnownFileType = sourcecode.swift; path = ApplicationStateOperationTests.swift; sourceTree = "<group>"; };
		48EFCCCB22E07D83002FBEF6 /* ImageOperationTests.swift */ = {isa = PBXFileReference; lastKnownFileType = sourcecode.swift; path = ImageOperationTests.swift; sourceTree = "<group>"; };
		48EFCCD222E081C5002FBEF6 /* test-image.png */ = {isa = PBXFileReference; lastKnownFileType = image.png; path = "test-image.png"; sourceTree = "<group>"; };
		48EFCCD422E081D9002FBEF6 /* EventFactoryTests.swift */ = {isa = PBXFileReference; fileEncoding = 4; lastKnownFileType = sourcecode.swift; path = EventFactoryTests.swift; sourceTree = "<group>"; };
		48EFCCD622E083D9002FBEF6 /* MessagePresentationOperationTests.swift */ = {isa = PBXFileReference; lastKnownFileType = sourcecode.swift; path = MessagePresentationOperationTests.swift; sourceTree = "<group>"; };
		48EFCCD822E5C1AF002FBEF6 /* EnqueueUserNotificationOperation.swift */ = {isa = PBXFileReference; lastKnownFileType = sourcecode.swift; path = EnqueueUserNotificationOperation.swift; sourceTree = "<group>"; };
		48EFCCDB22E6FDDB002FBEF6 /* MockIPMStorage.swift */ = {isa = PBXFileReference; lastKnownFileType = sourcecode.swift; path = MockIPMStorage.swift; sourceTree = "<group>"; };
		48FED98821BF45B000D8975D /* AdminPresenter.swift */ = {isa = PBXFileReference; lastKnownFileType = sourcecode.swift; path = AdminPresenter.swift; sourceTree = "<group>"; };
		48FED98A21C10D9800D8975D /* OHHTTPStubs.framework */ = {isa = PBXFileReference; lastKnownFileType = wrapper.framework; name = OHHTTPStubs.framework; path = ../Carthage/Build/iOS/OHHTTPStubs.framework; sourceTree = "<group>"; };
		48FED98E21C1104800D8975D /* ConfigTests.swift */ = {isa = PBXFileReference; fileEncoding = 4; lastKnownFileType = sourcecode.swift; path = ConfigTests.swift; sourceTree = "<group>"; };
		48FED99021C1109F00D8975D /* TestHelpers.swift */ = {isa = PBXFileReference; fileEncoding = 4; lastKnownFileType = sourcecode.swift; path = TestHelpers.swift; sourceTree = "<group>"; };
		48FED99221C115BB00D8975D /* TrackEventTests.swift */ = {isa = PBXFileReference; fileEncoding = 4; lastKnownFileType = sourcecode.swift; path = TrackEventTests.swift; sourceTree = "<group>"; };
/* End PBXFileReference section */

/* Begin PBXFrameworksBuildPhase section */
		484BE70C219320FE002AE77F /* Frameworks */ = {
			isa = PBXFrameworksBuildPhase;
			buildActionMask = 2147483647;
			files = (
				484BE725219336E2002AE77F /* ZendeskConnect.framework in Frameworks */,
			);
			runOnlyForDeploymentPostprocessing = 0;
		};
		48BFD9B121919B0000747562 /* Frameworks */ = {
			isa = PBXFrameworksBuildPhase;
			buildActionMask = 2147483647;
			files = (
			);
			runOnlyForDeploymentPostprocessing = 0;
		};
		48BFD9F32191B4CF00747562 /* Frameworks */ = {
			isa = PBXFrameworksBuildPhase;
			buildActionMask = 2147483647;
			files = (
				4863FF09228C395700F5483D /* OHHTTPStubs.framework in Frameworks */,
				48BFD9FB2191B4CF00747562 /* ZendeskConnect.framework in Frameworks */,
			);
			runOnlyForDeploymentPostprocessing = 0;
		};
/* End PBXFrameworksBuildPhase section */

/* Begin PBXGroup section */
		1C1E4C71228580880096A801 /* PushNotifications */ = {
			isa = PBXGroup;
			children = (
				1C1E4C73228580EC0096A801 /* ConnectPushRegistrationTests.swift */,
				1C1E4C76228581480096A801 /* ConnectNotificationTests.swift */,
				1C1E4C78228582620096A801 /* UninstallSilentPushStrategyTests.swift */,
				1C1E4C92228AF3750096A801 /* BasicPushStrategyTests.swift */,
				1C1E4C882289A0020096A801 /* SilentPushStrategyFactoryTests.swift */,
				1C1E4C8E228AD25E0096A801 /* PushStrategyFactoryTests.swift */,
				1C1E4C98228DA6670096A801 /* DeepLinkTests.swift */,
				1C1E4C90228AD37D0096A801 /* MockNotificationResponseWrapper.swift */,
				1C1E4C9A228DA6C20096A801 /* MockConnectAPI.swift */,
				1C1E4C9C228DA7220096A801 /* MockDeepLinkHandler.swift */,
			);
			path = PushNotifications;
			sourceTree = "<group>";
		};
		1CEEEBDF2297F124004CCB65 /* UI */ = {
			isa = PBXGroup;
			children = (
				1CEEEBE02297F151004CCB65 /* IPMViewController.swift */,
				1CEEEBE12297F151004CCB65 /* IPMViewController.xib */,
				4838395C229C24260054365F /* Coordinator.swift */,
				1CEEEBE9229D25A8004CCB65 /* IPMCoordinator.swift */,
				1CEEEBEB229D25FD004CCB65 /* IPMWindow.swift */,
				485205E322B29D0C000AAC7E /* ConnectIPMMetric.swift */,
				1CEEEBF5229ED5B4004CCB65 /* CustomTransitionDelegate.swift */,
				1CEEEBF7229ED5E2004CCB65 /* CustomPresentationController.swift */,
			);
			path = UI;
			sourceTree = "<group>";
		};
		4838394D2297F5830054365F /* PushStrategies */ = {
			isa = PBXGroup;
			children = (
				1C1E4C7A2285A8750096A801 /* PushStrategy.swift */,
				483839542297FC150054365F /* BasicPushStrategy.swift */,
				483839522297F8770054365F /* HostAppPushStrategy.swift */,
			);
			path = PushStrategies;
			sourceTree = "<group>";
		};
		4838394E2297F5A80054365F /* SilentPushStrategies */ = {
			isa = PBXGroup;
			children = (
				48EFCCC822E06956002FBEF6 /* IPMOperations */,
				1C1E4C6D228486090096A801 /* SilentPushStrategy.swift */,
				1C1E4C6F2284863E0096A801 /* UninstallSilentPushStrategy.swift */,
				48383958229C22720054365F /* IPMSilentPushStrategy.swift */,
				483839502297F7220054365F /* DefaultSilentPushStrategy.swift */,
			);
			path = SilentPushStrategies;
			sourceTree = "<group>";
		};
		4838394F2297F5C70054365F /* PushHandling */ = {
			isa = PBXGroup;
			children = (
				4838394E2297F5A80054365F /* SilentPushStrategies */,
				1C1E4C8222899CF60096A801 /* ConnectSilentPushStrategyFactory.swift */,
				4838394D2297F5830054365F /* PushStrategies */,
				1C1E4C8422899D6A0096A801 /* PushStrategyFactory.swift */,
			);
			path = PushHandling;
			sourceTree = "<group>";
		};
		484BE6A121930687002AE77F /* NetworkClient */ = {
			isa = PBXGroup;
			children = (
				48BEEE3C22F32C35004E795C /* ConnectAPIClient.swift */,
				484BE6A221930687002AE77F /* EventOperation.swift */,
				484BE6A321930687002AE77F /* Providers */,
				484BE6AF21930687002AE77F /* Models */,
				484BE6B721930687002AE77F /* WebService */,
				484BE6C321930687002AE77F /* IdentifyOperation.swift */,
				484BE6C421930687002AE77F /* BaseOperation.swift */,
			);
			path = NetworkClient;
			sourceTree = "<group>";
		};
		484BE6A321930687002AE77F /* Providers */ = {
			isa = PBXGroup;
			children = (
				48C51A8421A31A930040CFE8 /* MetricsProvider.swift */,
				48C51A8221A31A920040CFE8 /* MetricsResource.swift */,
				48C51A8521A31A930040CFE8 /* TestSendProvider.swift */,
				48C51A8321A31A920040CFE8 /* TestSendResource.swift */,
				484BE6A421930687002AE77F /* IdentifyResource.swift */,
				484BE6A521930687002AE77F /* IdentifyProvider.swift */,
				484BE6A621930687002AE77F /* RequestDecorators.swift */,
				484BE6A721930687002AE77F /* EventResource.swift */,
				484BE6A821930687002AE77F /* PushResource.swift */,
				484BE6A921930687002AE77F /* EventProvider.swift */,
				484BE6AA21930687002AE77F /* PushProvider.swift */,
				484BE6AB21930687002AE77F /* ConfigProvider.swift */,
				484BE6AC21930687002AE77F /* ConfigResource.swift */,
				484BE6AD21930687002AE77F /* BaseProvider.swift */,
			);
			path = Providers;
			sourceTree = "<group>";
		};
		484BE6AF21930687002AE77F /* Models */ = {
			isa = PBXGroup;
			children = (
				48C51A7E21A31A890040CFE8 /* PairDevice.swift */,
				48C51A7C21A31A890040CFE8 /* PushBasicMetric.swift */,
				48C51A7D21A31A890040CFE8 /* UninstallTracker.swift */,
				484BE6B021930687002AE77F /* Event.swift */,
				484BE6B121930687002AE77F /* PushRegistration.swift */,
				484BE6B221930687002AE77F /* Config.swift */,
				484BE6B321930687002AE77F /* User.swift */,
				484BE6B521930687002AE77F /* PrePrompt.swift */,
				484BE6B621930687002AE77F /* Accountconfig.swift */,
			);
			path = Models;
			sourceTree = "<group>";
		};
		484BE6B721930687002AE77F /* WebService */ = {
			isa = PBXGroup;
			children = (
				484BE6B821930687002AE77F /* RequestDecorator.swift */,
				484BE6B921930687002AE77F /* Result.swift */,
				484BE6BA21930687002AE77F /* Resource.swift */,
				484BE6BB21930687002AE77F /* Extensions */,
				484BE6BE21930687002AE77F /* HTTPMethod.swift */,
				484BE6BF21930687002AE77F /* WebService.swift */,
				484BE6C021930687002AE77F /* Codable+Extension.swift */,
				484BE6C121930687002AE77F /* Client */,
			);
			path = WebService;
			sourceTree = "<group>";
		};
		484BE6BB21930687002AE77F /* Extensions */ = {
			isa = PBXGroup;
			children = (
				484BE6BC21930687002AE77F /* String+Extension.swift */,
				484BE6BD21930687002AE77F /* NSMutableURLRequest+Extension.swift */,
			);
			path = Extensions;
			sourceTree = "<group>";
		};
		484BE6C121930687002AE77F /* Client */ = {
			isa = PBXGroup;
			children = (
				484BE6C221930687002AE77F /* Client.swift */,
			);
			path = Client;
			sourceTree = "<group>";
		};
		484BE6C521930687002AE77F /* Utils */ = {
			isa = PBXGroup;
			children = (
				484BE6C621930687002AE77F /* UserStorage.swift */,
				484BE6C721930687002AE77F /* ConfigStorage.swift */,
				4879BA9821AED3D600BF4042 /* EnvironmentStorage.swift */,
				48CBDC4921B53E780028D6B8 /* SharedStorage */,
				484BE6C821930687002AE77F /* Logger.swift */,
				484BE6C921930687002AE77F /* Reachability.swift */,
				484BE6CA21930687002AE77F /* FileUtility.swift */,
				486CDC5621B93080009E58A3 /* SystemLocalizedString.swift */,
				48CBDC4721B02C830028D6B8 /* UIAlertControllerExtensions.swift */,
				1CAD6C6C226F632800E7345A /* UIColorExtension.swift */,
				1C1E4C9E228DA7D10096A801 /* UIApplicationExtension.swift */,
				1C1E4CA0228DAAB50096A801 /* OnMain.swift */,
				1CE27B1722E86CF800D5098A /* DictionaryDecoder.swift */,
			);
			path = Utils;
			sourceTree = "<group>";
		};
		484BE6CB21930687002AE77F /* Models */ = {
			isa = PBXGroup;
			children = (
				484BE6CC21930687002AE77F /* ZCNEvent.swift */,
				484BE6CD21930687002AE77F /* ZCNUser.swift */,
				48CB4A8621C270BA00A0CC32 /* EventFactory.swift */,
				48CB4A8821C2740C00A0CC32 /* UserExtensions.swift */,
				1CAD6C682269CBFB00E7345A /* IPM.swift */,
				48C4C01E22E8616B00E4A5AC /* IPMViewModel.swift */,
			);
			path = Models;
			sourceTree = "<group>";
		};
		484BE6CE21930687002AE77F /* FloppyDisk */ = {
			isa = PBXGroup;
			children = (
				484BE6CF21930687002AE77F /* ObjectQueue.swift */,
				484BE6D021930687002AE77F /* FileElement.swift */,
				484BE6D121930687002AE77F /* QueueFile.swift */,
				484BE6D221930687002AE77F /* FileObjectQueue.swift */,
				484BE6D321930687002AE77F /* FileHeader.swift */,
				484BE6D421930687002AE77F /* InMemoryObjectQueue.swift */,
				484BE6D521930687002AE77F /* Converter.swift */,
			);
			path = FloppyDisk;
			sourceTree = "<group>";
		};
		484BE6D621930687002AE77F /* Queuing */ = {
			isa = PBXGroup;
			children = (
				484BE6D721930687002AE77F /* Queue.swift */,
			);
			path = Queuing;
			sourceTree = "<group>";
		};
		484BE710219320FF002AE77F /* ZendeskConnectSample */ = {
			isa = PBXGroup;
			children = (
				484BE711219320FF002AE77F /* AppDelegate.swift */,
				484BE71821932100002AE77F /* Assets.xcassets */,
				484BE71D21932100002AE77F /* Info.plist */,
				1CAD6C6022672B9F00E7345A /* KeyViewController.swift */,
				484BE71A21932100002AE77F /* LaunchScreen.storyboard */,
				484BE72821933885002AE77F /* LoginViewController.swift */,
				484BE715219320FF002AE77F /* Main.storyboard */,
				484BE713219320FF002AE77F /* ViewController.swift */,
				484BE72A21933AA0002AE77F /* ZendeskConnectSample.entitlements */,
				1CAD6C5E2267298900E7345A /* ZendeskKeys.plist */,
				1CAD6C6222672F5100E7345A /* ZendeskKey.swift */,
				1CAD6C642267597200E7345A /* ZendeskKeyReader.swift */,
				1CAD6C662267609400E7345A /* ZendeskKeyStorage.swift */,
			);
			path = ZendeskConnectSample;
			sourceTree = "<group>";
		};
		484BE723219336DA002AE77F /* Frameworks */ = {
			isa = PBXGroup;
			children = (
				4898D969227AF4400086E6CF /* Swifter.framework */,
				4856A66F2279A96500598DF2 /* PusherKit.framework */,
				48FED98A21C10D9800D8975D /* OHHTTPStubs.framework */,
			);
			name = Frameworks;
			sourceTree = "<group>";
		};
		486CDC5E21BABEE0009E58A3 /* PushNotifications */ = {
			isa = PBXGroup;
			children = (
				4838394F2297F5C70054365F /* PushHandling */,
				486CDC6121BE71A6009E58A3 /* ConnectPushRegistration.swift */,
				1C1E4C67228423A60096A801 /* ConnectNotification.swift */,
				1C1E4C8C228ACDFD0096A801 /* NotificationResponseWrapper.swift */,
				1C1E4C96228C6EE80096A801 /* DeepLink.swift */,
			);
			path = PushNotifications;
			sourceTree = "<group>";
		};
		48BFD9AA21919B0000747562 = {
			isa = PBXGroup;
			children = (
				48BFD9B621919B0000747562 /* ZendeskConnect */,
				48BFD9F72191B4CF00747562 /* ZendeskConnectTests */,
				484BE710219320FF002AE77F /* ZendeskConnectSample */,
				48BFD9B521919B0000747562 /* Products */,
				484BE723219336DA002AE77F /* Frameworks */,
			);
			sourceTree = "<group>";
		};
		48BFD9B521919B0000747562 /* Products */ = {
			isa = PBXGroup;
			children = (
				48BFD9B421919B0000747562 /* ZendeskConnect.framework */,
				48BFD9F62191B4CF00747562 /* ZendeskConnectTests.xctest */,
				484BE70F219320FE002AE77F /* ZendeskConnectSample.app */,
			);
			name = Products;
			sourceTree = "<group>";
		};
		48BFD9B621919B0000747562 /* ZendeskConnect */ = {
			isa = PBXGroup;
			children = (
				484BE6CE21930687002AE77F /* FloppyDisk */,
				484BE6CB21930687002AE77F /* Models */,
				484BE6A121930687002AE77F /* NetworkClient */,
				484BE6D621930687002AE77F /* Queuing */,
				484BE6C521930687002AE77F /* Utils */,
				486CDC5E21BABEE0009E58A3 /* PushNotifications */,
				1CEEEBDF2297F124004CCB65 /* UI */,
				484BE67D21930524002AE77F /* Connect.swift */,
				48CBDC4321AF098A0028D6B8 /* ConnectShadow.swift */,
				48CBDC4521AF0ADA0028D6B8 /* ConnectShadowFactory.swift */,
				48FED98721BF41CF00D8975D /* AdminPanel */,
				48BFD9B721919B0000747562 /* ZendeskConnect.h */,
				48C51A5F2195E4970040CFE8 /* ZendeskConnect-Common.xcconfig */,
				48BFD9B821919B0000747562 /* Info.plist */,
				1CE27B1522E8504900D5098A /* ConnectAssets.xcassets */,
			);
			path = ZendeskConnect;
			sourceTree = "<group>";
		};
		48BFD9F72191B4CF00747562 /* ZendeskConnectTests */ = {
			isa = PBXGroup;
			children = (
				48EFCCD422E081D9002FBEF6 /* EventFactoryTests.swift */,
				48EFCCD222E081C5002FBEF6 /* test-image.png */,
				1C1E4C71228580880096A801 /* PushNotifications */,
				48FED98E21C1104800D8975D /* ConfigTests.swift */,
				48BFD9F82191B4CF00747562 /* ConnectShadowFactoryTests.swift */,
				48BFD9FA2191B4CF00747562 /* Info.plist */,
				1CAD6C6A2269F0C300E7345A /* IPMTests.swift */,
				484BE70721931D54002AE77F /* ObjectQueueTests.swift */,
				484BE70621931D54002AE77F /* QueueFileTests.swift */,
				484BE70521931D54002AE77F /* StorageTests.swift */,
				48FED99021C1109F00D8975D /* TestHelpers.swift */,
				48FED99221C115BB00D8975D /* TrackEventTests.swift */,
				1CAD6C6E226F65E700E7345A /* UIColorExtensionTests.swift */,
				1CAD6C7022706FFA00E7345A /* UIColorHelper.swift */,
				1CCAB56D22A90AEE0089AF7D /* ConnectAPIClientTests.swift */,
				1CCAB56F22A90BC50089AF7D /* MockMetricsProvider.swift */,
				48EFCCC922E072DC002FBEF6 /* ApplicationStateOperationTests.swift */,
				48EFCCCB22E07D83002FBEF6 /* ImageOperationTests.swift */,
				48EFCCD622E083D9002FBEF6 /* MessagePresentationOperationTests.swift */,
				1C0E0AB722E214A90099533B /* MockUserNotificationCenterWrapper.swift */,
				1C0E0AB922E5B2310099533B /* StoreIPMOperationTests.swift */,
				1C0E0ABB22E5B5CB0099533B /* MockCoordinator.swift */,
				48EFCCDB22E6FDDB002FBEF6 /* MockIPMStorage.swift */,
			);
			path = ZendeskConnectTests;
			sourceTree = "<group>";
		};
		48CBDC4921B53E780028D6B8 /* SharedStorage */ = {
			isa = PBXGroup;
			children = (
				4879BA9621ADAF0D00BF4042 /* Storage.swift */,
				48CBDC4A21B53E940028D6B8 /* PushSharedStorageModule.swift */,
				1C5B1F6622E0A6AA00DE1C94 /* IPMSharedStorageModule.swift */,
			);
			path = SharedStorage;
			sourceTree = "<group>";
		};
		48EFCCC822E06956002FBEF6 /* IPMOperations */ = {
			isa = PBXGroup;
			children = (
				48EFCCC022E0689E002FBEF6 /* ImageResource.swift */,
				48EFCCC222E068B7002FBEF6 /* ImageOperation.swift */,
				48EFCCC422E068FF002FBEF6 /* ApplicationStateOperation.swift */,
				48EFCCC622E06934002FBEF6 /* MessagePresentationOperation.swift */,
				1C0E0AB122E1B2F10099533B /* StoreIPMOperation.swift */,
				48EFCCD822E5C1AF002FBEF6 /* EnqueueUserNotificationOperation.swift */,
				1C0E0AB322E213960099533B /* ConnectUserNotificationCenterWrapper.swift */,
			);
			path = IPMOperations;
			sourceTree = "<group>";
		};
		48FED98721BF41CF00D8975D /* AdminPanel */ = {
			isa = PBXGroup;
			children = (
				48CBDC4E21B698650028D6B8 /* AdminPanelViewController.swift */,
				48D0F4AA21B7DAE400288239 /* CodeEntryProgressionController.swift */,
				48FED98821BF45B000D8975D /* AdminPresenter.swift */,
				48CBDC4C21B698170028D6B8 /* AdminPanel.storyboard */,
			);
			path = AdminPanel;
			sourceTree = "<group>";
		};
/* End PBXGroup section */

/* Begin PBXHeadersBuildPhase section */
		48BFD9AF21919B0000747562 /* Headers */ = {
			isa = PBXHeadersBuildPhase;
			buildActionMask = 2147483647;
			files = (
				48BFD9B921919B0000747562 /* ZendeskConnect.h in Headers */,
			);
			runOnlyForDeploymentPostprocessing = 0;
		};
/* End PBXHeadersBuildPhase section */

/* Begin PBXNativeTarget section */
		484BE70E219320FE002AE77F /* ZendeskConnectSample */ = {
			isa = PBXNativeTarget;
			buildConfigurationList = 484BE71E21932100002AE77F /* Build configuration list for PBXNativeTarget "ZendeskConnectSample" */;
			buildPhases = (
				484BE70B219320FE002AE77F /* Sources */,
				484BE70C219320FE002AE77F /* Frameworks */,
				484BE70D219320FE002AE77F /* Resources */,
				484BE727219336E2002AE77F /* Embed Frameworks */,
			);
			buildRules = (
			);
			dependencies = (
				484BE722219336D2002AE77F /* PBXTargetDependency */,
			);
			name = ZendeskConnectSample;
			productName = ZendeskConnectSample;
			productReference = 484BE70F219320FE002AE77F /* ZendeskConnectSample.app */;
			productType = "com.apple.product-type.application";
		};
		48BFD9B321919B0000747562 /* ZendeskConnect */ = {
			isa = PBXNativeTarget;
			buildConfigurationList = 48BFD9BC21919B0000747562 /* Build configuration list for PBXNativeTarget "ZendeskConnect" */;
			buildPhases = (
				48C51A5E2195E43D0040CFE8 /* Apply Version String */,
				48BFD9AF21919B0000747562 /* Headers */,
				48BFD9B021919B0000747562 /* Sources */,
				48BFD9B121919B0000747562 /* Frameworks */,
				48BFD9B221919B0000747562 /* Resources */,
			);
			buildRules = (
			);
			dependencies = (
			);
			name = ZendeskConnect;
			productName = ZendeskConnect;
			productReference = 48BFD9B421919B0000747562 /* ZendeskConnect.framework */;
			productType = "com.apple.product-type.framework";
		};
		48BFD9F52191B4CF00747562 /* ZendeskConnectTests */ = {
			isa = PBXNativeTarget;
			buildConfigurationList = 48BFDA002191B4CF00747562 /* Build configuration list for PBXNativeTarget "ZendeskConnectTests" */;
			buildPhases = (
				48BFD9F22191B4CF00747562 /* Sources */,
				48BFD9F32191B4CF00747562 /* Frameworks */,
				48BFD9F42191B4CF00747562 /* Resources */,
				48FED98D21C10EB100D8975D /* ShellScript */,
			);
			buildRules = (
			);
			dependencies = (
				48BFD9FD2191B4CF00747562 /* PBXTargetDependency */,
			);
			name = ZendeskConnectTests;
			productName = ZendeskConnectTests;
			productReference = 48BFD9F62191B4CF00747562 /* ZendeskConnectTests.xctest */;
			productType = "com.apple.product-type.bundle.unit-test";
		};
/* End PBXNativeTarget section */

/* Begin PBXProject section */
		48BFD9AB21919B0000747562 /* Project object */ = {
			isa = PBXProject;
			attributes = {
				LastSwiftUpdateCheck = 1020;
				LastUpgradeCheck = 1020;
				ORGANIZATIONNAME = Zendesk;
				TargetAttributes = {
					484BE70E219320FE002AE77F = {
						CreatedOnToolsVersion = 10.0;
						LastSwiftMigration = 1020;
						SystemCapabilities = {
							com.apple.BackgroundModes = {
								enabled = 1;
							};
							com.apple.Push = {
								enabled = 1;
							};
						};
					};
					48BFD9B321919B0000747562 = {
						CreatedOnToolsVersion = 10.0;
						LastSwiftMigration = 1020;
					};
					48BFD9F52191B4CF00747562 = {
						CreatedOnToolsVersion = 10.0;
						LastSwiftMigration = 1020;
					};
				};
			};
			buildConfigurationList = 48BFD9AE21919B0000747562 /* Build configuration list for PBXProject "ZendeskConnect" */;
			compatibilityVersion = "Xcode 9.3";
			developmentRegion = en;
			hasScannedForEncodings = 0;
			knownRegions = (
				en,
				Base,
			);
			mainGroup = 48BFD9AA21919B0000747562;
			productRefGroup = 48BFD9B521919B0000747562 /* Products */;
			projectDirPath = "";
			projectRoot = "";
			targets = (
				48BFD9B321919B0000747562 /* ZendeskConnect */,
				48BFD9F52191B4CF00747562 /* ZendeskConnectTests */,
				484BE70E219320FE002AE77F /* ZendeskConnectSample */,
			);
		};
/* End PBXProject section */

/* Begin PBXResourcesBuildPhase section */
		484BE70D219320FE002AE77F /* Resources */ = {
			isa = PBXResourcesBuildPhase;
			buildActionMask = 2147483647;
			files = (
				484BE71C21932100002AE77F /* LaunchScreen.storyboard in Resources */,
				484BE71921932100002AE77F /* Assets.xcassets in Resources */,
				484BE717219320FF002AE77F /* Main.storyboard in Resources */,
				1CAD6C5F2267298900E7345A /* ZendeskKeys.plist in Resources */,
			);
			runOnlyForDeploymentPostprocessing = 0;
		};
		48BFD9B221919B0000747562 /* Resources */ = {
			isa = PBXResourcesBuildPhase;
			buildActionMask = 2147483647;
			files = (
				1CEEEBE32297F151004CCB65 /* IPMViewController.xib in Resources */,
				1CE27B1622E8504900D5098A /* ConnectAssets.xcassets in Resources */,
				48CBDC4D21B698170028D6B8 /* AdminPanel.storyboard in Resources */,
			);
			runOnlyForDeploymentPostprocessing = 0;
		};
		48BFD9F42191B4CF00747562 /* Resources */ = {
			isa = PBXResourcesBuildPhase;
			buildActionMask = 2147483647;
			files = (
				48EFCCD322E081C5002FBEF6 /* test-image.png in Resources */,
			);
			runOnlyForDeploymentPostprocessing = 0;
		};
/* End PBXResourcesBuildPhase section */

/* Begin PBXShellScriptBuildPhase section */
		48C51A5E2195E43D0040CFE8 /* Apply Version String */ = {
			isa = PBXShellScriptBuildPhase;
			buildActionMask = 2147483647;
			files = (
			);
			inputFileListPaths = (
			);
			inputPaths = (
			);
			name = "Apply Version String";
			outputFileListPaths = (
			);
			outputPaths = (
			);
			runOnlyForDeploymentPostprocessing = 0;
			shellPath = /bin/sh;
			shellScript = "$ZEN_SCRIPTS_DIR/apply-version.sh\n";
		};
		48FED98D21C10EB100D8975D /* ShellScript */ = {
			isa = PBXShellScriptBuildPhase;
			buildActionMask = 2147483647;
			files = (
			);
			inputFileListPaths = (
			);
			inputPaths = (
				"$(SRCROOT)/../Carthage/Build/iOS/OHHTTPStubs.framework",
			);
			outputFileListPaths = (
			);
			outputPaths = (
				"$(BUILT_PRODUCTS_DIR)/$(FRAMEWORKS_FOLDER_PATH)/OHHTTPStubs.framework",
			);
			runOnlyForDeploymentPostprocessing = 0;
			shellPath = /bin/sh;
			shellScript = "/usr/local/bin/carthage copy-frameworks\n";
		};
/* End PBXShellScriptBuildPhase section */

/* Begin PBXSourcesBuildPhase section */
		484BE70B219320FE002AE77F /* Sources */ = {
			isa = PBXSourcesBuildPhase;
			buildActionMask = 2147483647;
			files = (
				484BE72921933885002AE77F /* LoginViewController.swift in Sources */,
				484BE714219320FF002AE77F /* ViewController.swift in Sources */,
				1CAD6C672267609400E7345A /* ZendeskKeyStorage.swift in Sources */,
				1CAD6C6122672B9F00E7345A /* KeyViewController.swift in Sources */,
				1CAD6C652267597200E7345A /* ZendeskKeyReader.swift in Sources */,
				1CAD6C6322672F5100E7345A /* ZendeskKey.swift in Sources */,
				484BE712219320FF002AE77F /* AppDelegate.swift in Sources */,
			);
			runOnlyForDeploymentPostprocessing = 0;
		};
		48BFD9B021919B0000747562 /* Sources */ = {
			isa = PBXSourcesBuildPhase;
			buildActionMask = 2147483647;
			files = (
				48EFCCDA22E5CC98002FBEF6 /* PushStrategyFactory.swift in Sources */,
				484BE6FC21930687002AE77F /* ZCNUser.swift in Sources */,
				48EFCCC322E068B7002FBEF6 /* ImageOperation.swift in Sources */,
				48C4C01F22E8616B00E4A5AC /* IPMViewModel.swift in Sources */,
				484BE6F621930687002AE77F /* UserStorage.swift in Sources */,
				1CEEEBF6229ED5B4004CCB65 /* CustomTransitionDelegate.swift in Sources */,
				484BE6F521930687002AE77F /* BaseOperation.swift in Sources */,
				484BE70121930687002AE77F /* FileHeader.swift in Sources */,
				1CAD6C692269CBFB00E7345A /* IPM.swift in Sources */,
				484BE70321930687002AE77F /* Converter.swift in Sources */,
				484BE6F221930687002AE77F /* Codable+Extension.swift in Sources */,
				484BE70021930687002AE77F /* FileObjectQueue.swift in Sources */,
				1C0E0AB422E213960099533B /* ConnectUserNotificationCenterWrapper.swift in Sources */,
				48C51A8121A31A890040CFE8 /* PairDevice.swift in Sources */,
				1C1E4C6E228486090096A801 /* SilentPushStrategy.swift in Sources */,
				1C1E4C68228423A60096A801 /* ConnectNotification.swift in Sources */,
				484BE6DF21930687002AE77F /* PushProvider.swift in Sources */,
				48CBDC4F21B698650028D6B8 /* AdminPanelViewController.swift in Sources */,
				48CB4A8921C2740C00A0CC32 /* UserExtensions.swift in Sources */,
				484BE6DD21930687002AE77F /* PushResource.swift in Sources */,
				48D0F4AB21B7DAE400288239 /* CodeEntryProgressionController.swift in Sources */,
				484BE6E021930687002AE77F /* ConfigProvider.swift in Sources */,
				484BE6F321930687002AE77F /* Client.swift in Sources */,
				484BE6DA21930687002AE77F /* IdentifyProvider.swift in Sources */,
				484BE6DB21930687002AE77F /* RequestDecorators.swift in Sources */,
				1C1E4C8322899CF70096A801 /* ConnectSilentPushStrategyFactory.swift in Sources */,
				48FED98921BF45B000D8975D /* AdminPresenter.swift in Sources */,
				486CDC6221BE71A6009E58A3 /* ConnectPushRegistration.swift in Sources */,
				484BE6F421930687002AE77F /* IdentifyOperation.swift in Sources */,
				4838395D229C24260054365F /* Coordinator.swift in Sources */,
				484BE6EA21930687002AE77F /* Accountconfig.swift in Sources */,
				48383959229C22720054365F /* IPMSilentPushStrategy.swift in Sources */,
				48EFCCC722E06934002FBEF6 /* MessagePresentationOperation.swift in Sources */,
				484BE6FB21930687002AE77F /* ZCNEvent.swift in Sources */,
				4879BA9921AED3D600BF4042 /* EnvironmentStorage.swift in Sources */,
				484BE6DE21930687002AE77F /* EventProvider.swift in Sources */,
				48EFCCD922E5C1AF002FBEF6 /* EnqueueUserNotificationOperation.swift in Sources */,
				484BE6FE21930687002AE77F /* FileElement.swift in Sources */,
				48CBDC4421AF098A0028D6B8 /* ConnectShadow.swift in Sources */,
				484BE6ED21930687002AE77F /* Resource.swift in Sources */,
				484BE6E721930687002AE77F /* User.swift in Sources */,
				1CEEEBEC229D25FD004CCB65 /* IPMWindow.swift in Sources */,
				484BE6F021930687002AE77F /* HTTPMethod.swift in Sources */,
				484BE6F721930687002AE77F /* ConfigStorage.swift in Sources */,
				1C1E4C97228C6EE80096A801 /* DeepLink.swift in Sources */,
				483839532297F8770054365F /* HostAppPushStrategy.swift in Sources */,
				48CBDC4621AF0ADA0028D6B8 /* ConnectShadowFactory.swift in Sources */,
				484BE6FD21930687002AE77F /* ObjectQueue.swift in Sources */,
				484BE6DC21930687002AE77F /* EventResource.swift in Sources */,
				484BE6FF21930687002AE77F /* QueueFile.swift in Sources */,
				48BEEE3D22F32C35004E795C /* ConnectAPIClient.swift in Sources */,
				48CBDC4821B02C830028D6B8 /* UIAlertControllerExtensions.swift in Sources */,
				484BE6EC21930687002AE77F /* Result.swift in Sources */,
				48EFCCC122E0689E002FBEF6 /* ImageResource.swift in Sources */,
				1C1E4C702284863E0096A801 /* UninstallSilentPushStrategy.swift in Sources */,
				1C1E4C7B2285A8750096A801 /* PushStrategy.swift in Sources */,
				484BE6D821930687002AE77F /* EventOperation.swift in Sources */,
				1CEEEBEA229D25A9004CCB65 /* IPMCoordinator.swift in Sources */,
				484BE67F21930525002AE77F /* Connect.swift in Sources */,
				1C5B1F6722E0A6AA00DE1C94 /* IPMSharedStorageModule.swift in Sources */,
				483839552297FC150054365F /* BasicPushStrategy.swift in Sources */,
				1C1E4C9F228DA7D10096A801 /* UIApplicationExtension.swift in Sources */,
				484BE6E121930687002AE77F /* ConfigResource.swift in Sources */,
				1C1E4C8D228ACDFD0096A801 /* NotificationResponseWrapper.swift in Sources */,
				48EFCCC522E068FF002FBEF6 /* ApplicationStateOperation.swift in Sources */,
				484BE6D921930687002AE77F /* IdentifyResource.swift in Sources */,
				484BE6EE21930687002AE77F /* String+Extension.swift in Sources */,
				48C51A7F21A31A890040CFE8 /* PushBasicMetric.swift in Sources */,
				1CEEEBF8229ED5E2004CCB65 /* CustomPresentationController.swift in Sources */,
				484BE6FA21930687002AE77F /* FileUtility.swift in Sources */,
				1CE27B1822E86CF800D5098A /* DictionaryDecoder.swift in Sources */,
				484BE70221930687002AE77F /* InMemoryObjectQueue.swift in Sources */,
				484BE6F121930687002AE77F /* WebService.swift in Sources */,
				484BE6F821930687002AE77F /* Logger.swift in Sources */,
				484BE6E921930687002AE77F /* PrePrompt.swift in Sources */,
				485205E422B29D0C000AAC7E /* ConnectIPMMetric.swift in Sources */,
				48C51A8021A31A890040CFE8 /* UninstallTracker.swift in Sources */,
				48C51A8621A31A930040CFE8 /* MetricsResource.swift in Sources */,
				48C51A8721A31A930040CFE8 /* TestSendResource.swift in Sources */,
				48C51A8921A31A930040CFE8 /* TestSendProvider.swift in Sources */,
				1CEEEBE22297F151004CCB65 /* IPMViewController.swift in Sources */,
				484BE6EB21930687002AE77F /* RequestDecorator.swift in Sources */,
				48C51A8821A31A930040CFE8 /* MetricsProvider.swift in Sources */,
				484BE6F921930687002AE77F /* Reachability.swift in Sources */,
				484BE6E421930687002AE77F /* Event.swift in Sources */,
				484BE6E621930687002AE77F /* Config.swift in Sources */,
				1C0E0AB222E1B2F10099533B /* StoreIPMOperation.swift in Sources */,
				48CBDC4B21B53E940028D6B8 /* PushSharedStorageModule.swift in Sources */,
				1CAD6C6D226F632800E7345A /* UIColorExtension.swift in Sources */,
				484BE6E221930687002AE77F /* BaseProvider.swift in Sources */,
				48CB4A8721C270BA00A0CC32 /* EventFactory.swift in Sources */,
				4879BA9721ADAF0D00BF4042 /* Storage.swift in Sources */,
				483839512297F7220054365F /* DefaultSilentPushStrategy.swift in Sources */,
				484BE6E521930687002AE77F /* PushRegistration.swift in Sources */,
				484BE6EF21930687002AE77F /* NSMutableURLRequest+Extension.swift in Sources */,
				486CDC5721B93080009E58A3 /* SystemLocalizedString.swift in Sources */,
				1C1E4CA1228DAAB50096A801 /* OnMain.swift in Sources */,
				484BE70421930687002AE77F /* Queue.swift in Sources */,
			);
			runOnlyForDeploymentPostprocessing = 0;
		};
		48BFD9F22191B4CF00747562 /* Sources */ = {
			isa = PBXSourcesBuildPhase;
			buildActionMask = 2147483647;
			files = (
				48EFCCD522E081DA002FBEF6 /* EventFactoryTests.swift in Sources */,
				1C1E4C8F228AD25E0096A801 /* PushStrategyFactoryTests.swift in Sources */,
				1C0E0ABA22E5B2310099533B /* StoreIPMOperationTests.swift in Sources */,
				1CAD6C6B2269F0C300E7345A /* IPMTests.swift in Sources */,
				1C1E4C91228AD37D0096A801 /* MockNotificationResponseWrapper.swift in Sources */,
				484BE70A21931D54002AE77F /* ObjectQueueTests.swift in Sources */,
				1C1E4C99228DA6670096A801 /* DeepLinkTests.swift in Sources */,
				1C1E4C79228582620096A801 /* UninstallSilentPushStrategyTests.swift in Sources */,
				1C1E4C93228AF3750096A801 /* BasicPushStrategyTests.swift in Sources */,
				48BFD9F92191B4CF00747562 /* ConnectShadowFactoryTests.swift in Sources */,
				1CAD6C7122706FFA00E7345A /* UIColorHelper.swift in Sources */,
				48FED98F21C1104800D8975D /* ConfigTests.swift in Sources */,
				48EFCCD722E083D9002FBEF6 /* MessagePresentationOperationTests.swift in Sources */,
				1CCAB57022A90BC50089AF7D /* MockMetricsProvider.swift in Sources */,
				1C0E0ABC22E5B5CB0099533B /* MockCoordinator.swift in Sources */,
				1CAD6C6F226F65E700E7345A /* UIColorExtensionTests.swift in Sources */,
				1C1E4C75228580EC0096A801 /* ConnectPushRegistrationTests.swift in Sources */,
				48FED99321C115BB00D8975D /* TrackEventTests.swift in Sources */,
				1C1E4C9B228DA6C20096A801 /* MockConnectAPI.swift in Sources */,
				484BE70821931D54002AE77F /* StorageTests.swift in Sources */,
				1C0E0AB822E214A90099533B /* MockUserNotificationCenterWrapper.swift in Sources */,
				1C1E4C892289A0020096A801 /* SilentPushStrategyFactoryTests.swift in Sources */,
				484BE70921931D54002AE77F /* QueueFileTests.swift in Sources */,
				1C1E4C9D228DA7220096A801 /* MockDeepLinkHandler.swift in Sources */,
				48EFCCCC22E07D83002FBEF6 /* ImageOperationTests.swift in Sources */,
				1C1E4C77228581480096A801 /* ConnectNotificationTests.swift in Sources */,
				48EFCCDC22E6FDDB002FBEF6 /* MockIPMStorage.swift in Sources */,
				1CCAB56E22A90AEE0089AF7D /* ConnectAPIClientTests.swift in Sources */,
				48EFCCCA22E072DC002FBEF6 /* ApplicationStateOperationTests.swift in Sources */,
				48FED99121C1109F00D8975D /* TestHelpers.swift in Sources */,
			);
			runOnlyForDeploymentPostprocessing = 0;
		};
/* End PBXSourcesBuildPhase section */

/* Begin PBXTargetDependency section */
		484BE722219336D2002AE77F /* PBXTargetDependency */ = {
			isa = PBXTargetDependency;
			target = 48BFD9B321919B0000747562 /* ZendeskConnect */;
			targetProxy = 484BE721219336D2002AE77F /* PBXContainerItemProxy */;
		};
		48BFD9FD2191B4CF00747562 /* PBXTargetDependency */ = {
			isa = PBXTargetDependency;
			target = 48BFD9B321919B0000747562 /* ZendeskConnect */;
			targetProxy = 48BFD9FC2191B4CF00747562 /* PBXContainerItemProxy */;
		};
/* End PBXTargetDependency section */

/* Begin PBXVariantGroup section */
		484BE715219320FF002AE77F /* Main.storyboard */ = {
			isa = PBXVariantGroup;
			children = (
				484BE716219320FF002AE77F /* Base */,
			);
			name = Main.storyboard;
			sourceTree = "<group>";
		};
		484BE71A21932100002AE77F /* LaunchScreen.storyboard */ = {
			isa = PBXVariantGroup;
			children = (
				484BE71B21932100002AE77F /* Base */,
			);
			name = LaunchScreen.storyboard;
			sourceTree = "<group>";
		};
/* End PBXVariantGroup section */

/* Begin XCBuildConfiguration section */
		484BE71F21932100002AE77F /* Debug */ = {
			isa = XCBuildConfiguration;
			buildSettings = {
				ALWAYS_EMBED_SWIFT_STANDARD_LIBRARIES = YES;
				ASSETCATALOG_COMPILER_APPICON_NAME = AppIcon;
				CODE_SIGN_ENTITLEMENTS = ZendeskConnectSample/ZendeskConnectSample.entitlements;
				CODE_SIGN_IDENTITY = "iPhone Developer";
				CODE_SIGN_STYLE = Automatic;
				DEVELOPMENT_TEAM = 7529UAQB93;
				INFOPLIST_FILE = ZendeskConnectSample/Info.plist;
				LD_RUNPATH_SEARCH_PATHS = (
					"$(inherited)",
					"@executable_path/Frameworks",
				);
				PRODUCT_BUNDLE_IDENTIFIER = com.zendesk.ZendeskConnectSample;
				PRODUCT_NAME = "$(TARGET_NAME)";
				PROVISIONING_PROFILE_SPECIFIER = "";
				SWIFT_VERSION = 5.0;
				TARGETED_DEVICE_FAMILY = "1,2";
			};
			name = Debug;
		};
		484BE72021932100002AE77F /* Release */ = {
			isa = XCBuildConfiguration;
			buildSettings = {
				ALWAYS_EMBED_SWIFT_STANDARD_LIBRARIES = YES;
				ASSETCATALOG_COMPILER_APPICON_NAME = AppIcon;
				CODE_SIGN_ENTITLEMENTS = ZendeskConnectSample/ZendeskConnectSample.entitlements;
				CODE_SIGN_IDENTITY = "iPhone Developer";
				CODE_SIGN_STYLE = Automatic;
				DEVELOPMENT_TEAM = 7529UAQB93;
				INFOPLIST_FILE = ZendeskConnectSample/Info.plist;
				LD_RUNPATH_SEARCH_PATHS = (
					"$(inherited)",
					"@executable_path/Frameworks",
				);
				PRODUCT_BUNDLE_IDENTIFIER = com.zendesk.ZendeskConnectSample;
				PRODUCT_NAME = "$(TARGET_NAME)";
				PROVISIONING_PROFILE_SPECIFIER = "";
				SWIFT_VERSION = 5.0;
				TARGETED_DEVICE_FAMILY = "1,2";
			};
			name = Release;
		};
		48BFD9BA21919B0000747562 /* Debug */ = {
			isa = XCBuildConfiguration;
			buildSettings = {
				ALWAYS_SEARCH_USER_PATHS = NO;
				CLANG_ANALYZER_NONNULL = YES;
				CLANG_ANALYZER_NUMBER_OBJECT_CONVERSION = YES_AGGRESSIVE;
				CLANG_CXX_LANGUAGE_STANDARD = "gnu++14";
				CLANG_CXX_LIBRARY = "libc++";
				CLANG_ENABLE_MODULES = YES;
				CLANG_ENABLE_OBJC_ARC = YES;
				CLANG_ENABLE_OBJC_WEAK = YES;
				CLANG_WARN_BLOCK_CAPTURE_AUTORELEASING = YES;
				CLANG_WARN_BOOL_CONVERSION = YES;
				CLANG_WARN_COMMA = YES;
				CLANG_WARN_CONSTANT_CONVERSION = YES;
				CLANG_WARN_DEPRECATED_OBJC_IMPLEMENTATIONS = YES;
				CLANG_WARN_DIRECT_OBJC_ISA_USAGE = YES_ERROR;
				CLANG_WARN_DOCUMENTATION_COMMENTS = YES;
				CLANG_WARN_EMPTY_BODY = YES;
				CLANG_WARN_ENUM_CONVERSION = YES;
				CLANG_WARN_INFINITE_RECURSION = YES;
				CLANG_WARN_INT_CONVERSION = YES;
				CLANG_WARN_NON_LITERAL_NULL_CONVERSION = YES;
				CLANG_WARN_OBJC_IMPLICIT_RETAIN_SELF = YES;
				CLANG_WARN_OBJC_LITERAL_CONVERSION = YES;
				CLANG_WARN_OBJC_ROOT_CLASS = YES_ERROR;
				CLANG_WARN_RANGE_LOOP_ANALYSIS = YES;
				CLANG_WARN_STRICT_PROTOTYPES = YES;
				CLANG_WARN_SUSPICIOUS_MOVE = YES;
				CLANG_WARN_UNGUARDED_AVAILABILITY = YES_AGGRESSIVE;
				CLANG_WARN_UNREACHABLE_CODE = YES;
				CLANG_WARN__DUPLICATE_METHOD_MATCH = YES;
				CODE_SIGN_IDENTITY = "iPhone Distribution";
				COPY_PHASE_STRIP = NO;
				CURRENT_PROJECT_VERSION = 1;
				DEBUG_INFORMATION_FORMAT = dwarf;
				ENABLE_STRICT_OBJC_MSGSEND = YES;
				ENABLE_TESTABILITY = YES;
				GCC_C_LANGUAGE_STANDARD = gnu11;
				GCC_DYNAMIC_NO_PIC = NO;
				GCC_NO_COMMON_BLOCKS = YES;
				GCC_OPTIMIZATION_LEVEL = 0;
				GCC_PREPROCESSOR_DEFINITIONS = (
					"DEBUG=1",
					"$(inherited)",
				);
				GCC_WARN_64_TO_32_BIT_CONVERSION = YES;
				GCC_WARN_ABOUT_RETURN_TYPE = YES_ERROR;
				GCC_WARN_UNDECLARED_SELECTOR = YES;
				GCC_WARN_UNINITIALIZED_AUTOS = YES_AGGRESSIVE;
				GCC_WARN_UNUSED_FUNCTION = YES;
				GCC_WARN_UNUSED_VARIABLE = YES;
				IPHONEOS_DEPLOYMENT_TARGET = 10.0;
				MTL_ENABLE_DEBUG_INFO = INCLUDE_SOURCE;
				MTL_FAST_MATH = YES;
				ONLY_ACTIVE_ARCH = YES;
				SDKROOT = iphoneos;
				SWIFT_ACTIVE_COMPILATION_CONDITIONS = DEBUG;
				SWIFT_OPTIMIZATION_LEVEL = "-Onone";
				VERSIONING_SYSTEM = "apple-generic";
				VERSION_INFO_PREFIX = "";
			};
			name = Debug;
		};
		48BFD9BB21919B0000747562 /* Release */ = {
			isa = XCBuildConfiguration;
			buildSettings = {
				ALWAYS_SEARCH_USER_PATHS = NO;
				CLANG_ANALYZER_NONNULL = YES;
				CLANG_ANALYZER_NUMBER_OBJECT_CONVERSION = YES_AGGRESSIVE;
				CLANG_CXX_LANGUAGE_STANDARD = "gnu++14";
				CLANG_CXX_LIBRARY = "libc++";
				CLANG_ENABLE_MODULES = YES;
				CLANG_ENABLE_OBJC_ARC = YES;
				CLANG_ENABLE_OBJC_WEAK = YES;
				CLANG_WARN_BLOCK_CAPTURE_AUTORELEASING = YES;
				CLANG_WARN_BOOL_CONVERSION = YES;
				CLANG_WARN_COMMA = YES;
				CLANG_WARN_CONSTANT_CONVERSION = YES;
				CLANG_WARN_DEPRECATED_OBJC_IMPLEMENTATIONS = YES;
				CLANG_WARN_DIRECT_OBJC_ISA_USAGE = YES_ERROR;
				CLANG_WARN_DOCUMENTATION_COMMENTS = YES;
				CLANG_WARN_EMPTY_BODY = YES;
				CLANG_WARN_ENUM_CONVERSION = YES;
				CLANG_WARN_INFINITE_RECURSION = YES;
				CLANG_WARN_INT_CONVERSION = YES;
				CLANG_WARN_NON_LITERAL_NULL_CONVERSION = YES;
				CLANG_WARN_OBJC_IMPLICIT_RETAIN_SELF = YES;
				CLANG_WARN_OBJC_LITERAL_CONVERSION = YES;
				CLANG_WARN_OBJC_ROOT_CLASS = YES_ERROR;
				CLANG_WARN_RANGE_LOOP_ANALYSIS = YES;
				CLANG_WARN_STRICT_PROTOTYPES = YES;
				CLANG_WARN_SUSPICIOUS_MOVE = YES;
				CLANG_WARN_UNGUARDED_AVAILABILITY = YES_AGGRESSIVE;
				CLANG_WARN_UNREACHABLE_CODE = YES;
				CLANG_WARN__DUPLICATE_METHOD_MATCH = YES;
				CODE_SIGN_IDENTITY = "iPhone Distribution";
				COPY_PHASE_STRIP = NO;
				CURRENT_PROJECT_VERSION = 1;
				DEBUG_INFORMATION_FORMAT = "dwarf-with-dsym";
				ENABLE_NS_ASSERTIONS = NO;
				ENABLE_STRICT_OBJC_MSGSEND = YES;
				GCC_C_LANGUAGE_STANDARD = gnu11;
				GCC_NO_COMMON_BLOCKS = YES;
				GCC_WARN_64_TO_32_BIT_CONVERSION = YES;
				GCC_WARN_ABOUT_RETURN_TYPE = YES_ERROR;
				GCC_WARN_UNDECLARED_SELECTOR = YES;
				GCC_WARN_UNINITIALIZED_AUTOS = YES_AGGRESSIVE;
				GCC_WARN_UNUSED_FUNCTION = YES;
				GCC_WARN_UNUSED_VARIABLE = YES;
				IPHONEOS_DEPLOYMENT_TARGET = 10.0;
				MTL_ENABLE_DEBUG_INFO = NO;
				MTL_FAST_MATH = YES;
				SDKROOT = iphoneos;
				SWIFT_COMPILATION_MODE = wholemodule;
				SWIFT_OPTIMIZATION_LEVEL = "-O";
				VALIDATE_PRODUCT = YES;
				VERSIONING_SYSTEM = "apple-generic";
				VERSION_INFO_PREFIX = "";
			};
			name = Release;
		};
		48BFD9BD21919B0000747562 /* Debug */ = {
			isa = XCBuildConfiguration;
			baseConfigurationReference = 48C51A5F2195E4970040CFE8 /* ZendeskConnect-Common.xcconfig */;
			buildSettings = {
				CLANG_ENABLE_MODULES = YES;
				CODE_SIGN_IDENTITY = "";
				CODE_SIGN_STYLE = Automatic;
				DEFINES_MODULE = YES;
				DEVELOPMENT_TEAM = 7529UAQB93;
				DYLIB_COMPATIBILITY_VERSION = 1;
				DYLIB_CURRENT_VERSION = 1;
				DYLIB_INSTALL_NAME_BASE = "@rpath";
				INFOPLIST_FILE = ZendeskConnect/Info.plist;
				INSTALL_PATH = "$(LOCAL_LIBRARY_DIR)/Frameworks";
				LD_RUNPATH_SEARCH_PATHS = (
					"$(inherited)",
					"@executable_path/Frameworks",
					"@loader_path/Frameworks",
				);
				PRODUCT_BUNDLE_IDENTIFIER = com.zendesk.ZendeskConnect;
				PRODUCT_NAME = "$(TARGET_NAME:c99extidentifier)";
				PROVISIONING_PROFILE_SPECIFIER = "";
				SKIP_INSTALL = YES;
				SWIFT_OPTIMIZATION_LEVEL = "-Onone";
				SWIFT_VERSION = 5.0;
				TARGETED_DEVICE_FAMILY = "1,2";
			};
			name = Debug;
		};
		48BFD9BE21919B0000747562 /* Release */ = {
			isa = XCBuildConfiguration;
			baseConfigurationReference = 48C51A5F2195E4970040CFE8 /* ZendeskConnect-Common.xcconfig */;
			buildSettings = {
				CLANG_ENABLE_MODULES = YES;
				CODE_SIGN_IDENTITY = "";
				CODE_SIGN_STYLE = Automatic;
				DEFINES_MODULE = YES;
				DEVELOPMENT_TEAM = 7529UAQB93;
				DYLIB_COMPATIBILITY_VERSION = 1;
				DYLIB_CURRENT_VERSION = 1;
				DYLIB_INSTALL_NAME_BASE = "@rpath";
				INFOPLIST_FILE = ZendeskConnect/Info.plist;
				INSTALL_PATH = "$(LOCAL_LIBRARY_DIR)/Frameworks";
				LD_RUNPATH_SEARCH_PATHS = (
					"$(inherited)",
					"@executable_path/Frameworks",
					"@loader_path/Frameworks",
				);
				PRODUCT_BUNDLE_IDENTIFIER = com.zendesk.ZendeskConnect;
				PRODUCT_NAME = "$(TARGET_NAME:c99extidentifier)";
				PROVISIONING_PROFILE_SPECIFIER = "";
				SKIP_INSTALL = YES;
				SWIFT_VERSION = 5.0;
				TARGETED_DEVICE_FAMILY = "1,2";
			};
			name = Release;
		};
		48BFD9FE2191B4CF00747562 /* Debug */ = {
			isa = XCBuildConfiguration;
			buildSettings = {
				ALWAYS_EMBED_SWIFT_STANDARD_LIBRARIES = YES;
				CODE_SIGN_IDENTITY = "iPhone Developer";
				CODE_SIGN_STYLE = Automatic;
				DEVELOPMENT_TEAM = 7529UAQB93;
				FRAMEWORK_SEARCH_PATHS = "$(SRCROOT)/../Carthage/Build/iOS/";
				INFOPLIST_FILE = ZendeskConnectTests/Info.plist;
				LD_RUNPATH_SEARCH_PATHS = (
					"$(inherited)",
					"@executable_path/Frameworks",
					"@loader_path/Frameworks",
				);
				PRODUCT_BUNDLE_IDENTIFIER = com.zendesk.ZendeskConnectTests;
				PRODUCT_NAME = "$(TARGET_NAME)";
				PROVISIONING_PROFILE_SPECIFIER = "";
				SWIFT_VERSION = 5.0;
				TARGETED_DEVICE_FAMILY = "1,2";
			};
			name = Debug;
		};
		48BFD9FF2191B4CF00747562 /* Release */ = {
			isa = XCBuildConfiguration;
			buildSettings = {
				ALWAYS_EMBED_SWIFT_STANDARD_LIBRARIES = YES;
				CODE_SIGN_IDENTITY = "iPhone Developer";
				CODE_SIGN_STYLE = Automatic;
				DEVELOPMENT_TEAM = 7529UAQB93;
				FRAMEWORK_SEARCH_PATHS = "$(SRCROOT)/../Carthage/Build/iOS/";
				INFOPLIST_FILE = ZendeskConnectTests/Info.plist;
				LD_RUNPATH_SEARCH_PATHS = (
					"$(inherited)",
					"@executable_path/Frameworks",
					"@loader_path/Frameworks",
				);
				PRODUCT_BUNDLE_IDENTIFIER = com.zendesk.ZendeskConnectTests;
				PRODUCT_NAME = "$(TARGET_NAME)";
				PROVISIONING_PROFILE_SPECIFIER = "";
				SWIFT_VERSION = 5.0;
				TARGETED_DEVICE_FAMILY = "1,2";
			};
			name = Release;
		};
/* End XCBuildConfiguration section */

/* Begin XCConfigurationList section */
		484BE71E21932100002AE77F /* Build configuration list for PBXNativeTarget "ZendeskConnectSample" */ = {
			isa = XCConfigurationList;
			buildConfigurations = (
				484BE71F21932100002AE77F /* Debug */,
				484BE72021932100002AE77F /* Release */,
			);
			defaultConfigurationIsVisible = 0;
			defaultConfigurationName = Release;
		};
		48BFD9AE21919B0000747562 /* Build configuration list for PBXProject "ZendeskConnect" */ = {
			isa = XCConfigurationList;
			buildConfigurations = (
				48BFD9BA21919B0000747562 /* Debug */,
				48BFD9BB21919B0000747562 /* Release */,
			);
			defaultConfigurationIsVisible = 0;
			defaultConfigurationName = Release;
		};
		48BFD9BC21919B0000747562 /* Build configuration list for PBXNativeTarget "ZendeskConnect" */ = {
			isa = XCConfigurationList;
			buildConfigurations = (
				48BFD9BD21919B0000747562 /* Debug */,
				48BFD9BE21919B0000747562 /* Release */,
			);
			defaultConfigurationIsVisible = 0;
			defaultConfigurationName = Release;
		};
		48BFDA002191B4CF00747562 /* Build configuration list for PBXNativeTarget "ZendeskConnectTests" */ = {
			isa = XCConfigurationList;
			buildConfigurations = (
				48BFD9FE2191B4CF00747562 /* Debug */,
				48BFD9FF2191B4CF00747562 /* Release */,
			);
			defaultConfigurationIsVisible = 0;
			defaultConfigurationName = Release;
		};
/* End XCConfigurationList section */
	};
	rootObject = 48BFD9AB21919B0000747562 /* Project object */;
}
